// !$*UTF8*$!
{
	archiveVersion = 1;
	classes = {
	};
	objectVersion = 56;
	objects = {

/* Begin PBXBuildFile section */
		C04E2C0A2A473EAA00A5B1E8 /* AppDelegate.swift in Sources */ = {isa = PBXBuildFile; fileRef = C04E2C092A473EAA00A5B1E8 /* AppDelegate.swift */; };
		C04E2C0C2A473EAA00A5B1E8 /* SceneDelegate.swift in Sources */ = {isa = PBXBuildFile; fileRef = C04E2C0B2A473EAA00A5B1E8 /* SceneDelegate.swift */; };
		C04E2C0E2A473EAA00A5B1E8 /* ViewController.swift in Sources */ = {isa = PBXBuildFile; fileRef = C04E2C0D2A473EAA00A5B1E8 /* ViewController.swift */; };
		C04E2C112A473EAA00A5B1E8 /* Main.storyboard in Resources */ = {isa = PBXBuildFile; fileRef = C04E2C0F2A473EAA00A5B1E8 /* Main.storyboard */; };
		C04E2C142A473EAA00A5B1E8 /* OpenMeteo.xcdatamodeld in Sources */ = {isa = PBXBuildFile; fileRef = C04E2C122A473EAA00A5B1E8 /* OpenMeteo.xcdatamodeld */; };
		C04E2C162A473EAA00A5B1E8 /* Assets.xcassets in Resources */ = {isa = PBXBuildFile; fileRef = C04E2C152A473EAA00A5B1E8 /* Assets.xcassets */; };
		C04E2C192A473EAA00A5B1E8 /* LaunchScreen.storyboard in Resources */ = {isa = PBXBuildFile; fileRef = C04E2C172A473EAA00A5B1E8 /* LaunchScreen.storyboard */; };
		C04E2C242A473EAB00A5B1E8 /* OpenMeteoTests.swift in Sources */ = {isa = PBXBuildFile; fileRef = C04E2C232A473EAB00A5B1E8 /* OpenMeteoTests.swift */; };
		C04E2C2E2A473EAB00A5B1E8 /* OpenMeteoUITests.swift in Sources */ = {isa = PBXBuildFile; fileRef = C04E2C2D2A473EAB00A5B1E8 /* OpenMeteoUITests.swift */; };
		C04E2C302A473EAB00A5B1E8 /* OpenMeteoUITestsLaunchTests.swift in Sources */ = {isa = PBXBuildFile; fileRef = C04E2C2F2A473EAB00A5B1E8 /* OpenMeteoUITestsLaunchTests.swift */; };
/* End PBXBuildFile section */

/* Begin PBXContainerItemProxy section */
		C04E2C202A473EAB00A5B1E8 /* PBXContainerItemProxy */ = {
			isa = PBXContainerItemProxy;
			containerPortal = C04E2BFE2A473EAA00A5B1E8 /* Project object */;
			proxyType = 1;
			remoteGlobalIDString = C04E2C052A473EAA00A5B1E8;
			remoteInfo = OpenMeteo;
		};
		C04E2C2A2A473EAB00A5B1E8 /* PBXContainerItemProxy */ = {
			isa = PBXContainerItemProxy;
			containerPortal = C04E2BFE2A473EAA00A5B1E8 /* Project object */;
			proxyType = 1;
			remoteGlobalIDString = C04E2C052A473EAA00A5B1E8;
			remoteInfo = OpenMeteo;
		};
/* End PBXContainerItemProxy section */

/* Begin PBXFileReference section */
		C04E2C062A473EAA00A5B1E8 /* OpenMeteo.app */ = {isa = PBXFileReference; explicitFileType = wrapper.application; includeInIndex = 0; path = OpenMeteo.app; sourceTree = BUILT_PRODUCTS_DIR; };
		C04E2C092A473EAA00A5B1E8 /* AppDelegate.swift */ = {isa = PBXFileReference; lastKnownFileType = sourcecode.swift; path = AppDelegate.swift; sourceTree = "<group>"; };
		C04E2C0B2A473EAA00A5B1E8 /* SceneDelegate.swift */ = {isa = PBXFileReference; lastKnownFileType = sourcecode.swift; path = SceneDelegate.swift; sourceTree = "<group>"; };
		C04E2C0D2A473EAA00A5B1E8 /* ViewController.swift */ = {isa = PBXFileReference; lastKnownFileType = sourcecode.swift; path = ViewController.swift; sourceTree = "<group>"; };
		C04E2C102A473EAA00A5B1E8 /* Base */ = {isa = PBXFileReference; lastKnownFileType = file.storyboard; name = Base; path = Base.lproj/Main.storyboard; sourceTree = "<group>"; };
		C04E2C132A473EAA00A5B1E8 /* OpenMeteo.xcdatamodel */ = {isa = PBXFileReference; lastKnownFileType = wrapper.xcdatamodel; path = OpenMeteo.xcdatamodel; sourceTree = "<group>"; };
		C04E2C152A473EAA00A5B1E8 /* Assets.xcassets */ = {isa = PBXFileReference; lastKnownFileType = folder.assetcatalog; path = Assets.xcassets; sourceTree = "<group>"; };
		C04E2C182A473EAA00A5B1E8 /* Base */ = {isa = PBXFileReference; lastKnownFileType = file.storyboard; name = Base; path = Base.lproj/LaunchScreen.storyboard; sourceTree = "<group>"; };
		C04E2C1A2A473EAA00A5B1E8 /* Info.plist */ = {isa = PBXFileReference; lastKnownFileType = text.plist.xml; path = Info.plist; sourceTree = "<group>"; };
		C04E2C1F2A473EAB00A5B1E8 /* OpenMeteoTests.xctest */ = {isa = PBXFileReference; explicitFileType = wrapper.cfbundle; includeInIndex = 0; path = OpenMeteoTests.xctest; sourceTree = BUILT_PRODUCTS_DIR; };
		C04E2C232A473EAB00A5B1E8 /* OpenMeteoTests.swift */ = {isa = PBXFileReference; lastKnownFileType = sourcecode.swift; path = OpenMeteoTests.swift; sourceTree = "<group>"; };
		C04E2C292A473EAB00A5B1E8 /* OpenMeteoUITests.xctest */ = {isa = PBXFileReference; explicitFileType = wrapper.cfbundle; includeInIndex = 0; path = OpenMeteoUITests.xctest; sourceTree = BUILT_PRODUCTS_DIR; };
		C04E2C2D2A473EAB00A5B1E8 /* OpenMeteoUITests.swift */ = {isa = PBXFileReference; lastKnownFileType = sourcecode.swift; path = OpenMeteoUITests.swift; sourceTree = "<group>"; };
		C04E2C2F2A473EAB00A5B1E8 /* OpenMeteoUITestsLaunchTests.swift */ = {isa = PBXFileReference; lastKnownFileType = sourcecode.swift; path = OpenMeteoUITestsLaunchTests.swift; sourceTree = "<group>"; };
/* End PBXFileReference section */

/* Begin PBXFrameworksBuildPhase section */
		C04E2C032A473EAA00A5B1E8 /* Frameworks */ = {
			isa = PBXFrameworksBuildPhase;
			buildActionMask = 2147483647;
			files = (
			);
			runOnlyForDeploymentPostprocessing = 0;
		};
		C04E2C1C2A473EAB00A5B1E8 /* Frameworks */ = {
			isa = PBXFrameworksBuildPhase;
			buildActionMask = 2147483647;
			files = (
			);
			runOnlyForDeploymentPostprocessing = 0;
		};
		C04E2C262A473EAB00A5B1E8 /* Frameworks */ = {
			isa = PBXFrameworksBuildPhase;
			buildActionMask = 2147483647;
			files = (
			);
			runOnlyForDeploymentPostprocessing = 0;
		};
/* End PBXFrameworksBuildPhase section */

/* Begin PBXGroup section */
		C04E2BFD2A473EAA00A5B1E8 = {
			isa = PBXGroup;
			children = (
				C04E2C082A473EAA00A5B1E8 /* OpenMeteo */,
				C04E2C222A473EAB00A5B1E8 /* OpenMeteoTests */,
				C04E2C2C2A473EAB00A5B1E8 /* OpenMeteoUITests */,
				C04E2C072A473EAA00A5B1E8 /* Products */,
			);
			sourceTree = "<group>";
		};
		C04E2C072A473EAA00A5B1E8 /* Products */ = {
			isa = PBXGroup;
			children = (
				C04E2C062A473EAA00A5B1E8 /* OpenMeteo.app */,
				C04E2C1F2A473EAB00A5B1E8 /* OpenMeteoTests.xctest */,
				C04E2C292A473EAB00A5B1E8 /* OpenMeteoUITests.xctest */,
			);
			name = Products;
			sourceTree = "<group>";
		};
		C04E2C082A473EAA00A5B1E8 /* OpenMeteo */ = {
			isa = PBXGroup;
			children = (
				C04E2C092A473EAA00A5B1E8 /* AppDelegate.swift */,
				C04E2C0B2A473EAA00A5B1E8 /* SceneDelegate.swift */,
				C04E2C0D2A473EAA00A5B1E8 /* ViewController.swift */,
				C04E2C0F2A473EAA00A5B1E8 /* Main.storyboard */,
				C04E2C152A473EAA00A5B1E8 /* Assets.xcassets */,
				C04E2C172A473EAA00A5B1E8 /* LaunchScreen.storyboard */,
				C04E2C1A2A473EAA00A5B1E8 /* Info.plist */,
				C04E2C122A473EAA00A5B1E8 /* OpenMeteo.xcdatamodeld */,
			);
			path = OpenMeteo;
			sourceTree = "<group>";
		};
		C04E2C222A473EAB00A5B1E8 /* OpenMeteoTests */ = {
			isa = PBXGroup;
			children = (
				C04E2C232A473EAB00A5B1E8 /* OpenMeteoTests.swift */,
			);
			path = OpenMeteoTests;
			sourceTree = "<group>";
		};
		C04E2C2C2A473EAB00A5B1E8 /* OpenMeteoUITests */ = {
			isa = PBXGroup;
			children = (
				C04E2C2D2A473EAB00A5B1E8 /* OpenMeteoUITests.swift */,
				C04E2C2F2A473EAB00A5B1E8 /* OpenMeteoUITestsLaunchTests.swift */,
			);
			path = OpenMeteoUITests;
			sourceTree = "<group>";
		};
/* End PBXGroup section */

/* Begin PBXNativeTarget section */
		C04E2C052A473EAA00A5B1E8 /* OpenMeteo */ = {
			isa = PBXNativeTarget;
			buildConfigurationList = C04E2C332A473EAB00A5B1E8 /* Build configuration list for PBXNativeTarget "OpenMeteo" */;
			buildPhases = (
				C04E2C022A473EAA00A5B1E8 /* Sources */,
				C04E2C032A473EAA00A5B1E8 /* Frameworks */,
				C04E2C042A473EAA00A5B1E8 /* Resources */,
			);
			buildRules = (
			);
			dependencies = (
			);
			name = OpenMeteo;
			productName = OpenMeteo;
			productReference = C04E2C062A473EAA00A5B1E8 /* OpenMeteo.app */;
			productType = "com.apple.product-type.application";
		};
		C04E2C1E2A473EAB00A5B1E8 /* OpenMeteoTests */ = {
			isa = PBXNativeTarget;
			buildConfigurationList = C04E2C362A473EAB00A5B1E8 /* Build configuration list for PBXNativeTarget "OpenMeteoTests" */;
			buildPhases = (
				C04E2C1B2A473EAB00A5B1E8 /* Sources */,
				C04E2C1C2A473EAB00A5B1E8 /* Frameworks */,
				C04E2C1D2A473EAB00A5B1E8 /* Resources */,
			);
			buildRules = (
			);
			dependencies = (
				C04E2C212A473EAB00A5B1E8 /* PBXTargetDependency */,
			);
			name = OpenMeteoTests;
			productName = OpenMeteoTests;
			productReference = C04E2C1F2A473EAB00A5B1E8 /* OpenMeteoTests.xctest */;
			productType = "com.apple.product-type.bundle.unit-test";
		};
		C04E2C282A473EAB00A5B1E8 /* OpenMeteoUITests */ = {
			isa = PBXNativeTarget;
			buildConfigurationList = C04E2C392A473EAB00A5B1E8 /* Build configuration list for PBXNativeTarget "OpenMeteoUITests" */;
			buildPhases = (
				C04E2C252A473EAB00A5B1E8 /* Sources */,
				C04E2C262A473EAB00A5B1E8 /* Frameworks */,
				C04E2C272A473EAB00A5B1E8 /* Resources */,
			);
			buildRules = (
			);
			dependencies = (
				C04E2C2B2A473EAB00A5B1E8 /* PBXTargetDependency */,
			);
			name = OpenMeteoUITests;
			productName = OpenMeteoUITests;
			productReference = C04E2C292A473EAB00A5B1E8 /* OpenMeteoUITests.xctest */;
			productType = "com.apple.product-type.bundle.ui-testing";
		};
/* End PBXNativeTarget section */

/* Begin PBXProject section */
		C04E2BFE2A473EAA00A5B1E8 /* Project object */ = {
			isa = PBXProject;
			attributes = {
				BuildIndependentTargetsInParallel = 1;
				LastSwiftUpdateCheck = 1430;
				LastUpgradeCheck = 1430;
				TargetAttributes = {
					C04E2C052A473EAA00A5B1E8 = {
						CreatedOnToolsVersion = 14.3.1;
					};
					C04E2C1E2A473EAB00A5B1E8 = {
						CreatedOnToolsVersion = 14.3.1;
						TestTargetID = C04E2C052A473EAA00A5B1E8;
					};
					C04E2C282A473EAB00A5B1E8 = {
						CreatedOnToolsVersion = 14.3.1;
						TestTargetID = C04E2C052A473EAA00A5B1E8;
					};
				};
			};
			buildConfigurationList = C04E2C012A473EAA00A5B1E8 /* Build configuration list for PBXProject "OpenMeteo" */;
			compatibilityVersion = "Xcode 14.0";
			developmentRegion = en;
			hasScannedForEncodings = 0;
			knownRegions = (
				en,
				Base,
			);
			mainGroup = C04E2BFD2A473EAA00A5B1E8;
			productRefGroup = C04E2C072A473EAA00A5B1E8 /* Products */;
			projectDirPath = "";
			projectRoot = "";
			targets = (
				C04E2C052A473EAA00A5B1E8 /* OpenMeteo */,
				C04E2C1E2A473EAB00A5B1E8 /* OpenMeteoTests */,
				C04E2C282A473EAB00A5B1E8 /* OpenMeteoUITests */,
			);
		};
/* End PBXProject section */

/* Begin PBXResourcesBuildPhase section */
		C04E2C042A473EAA00A5B1E8 /* Resources */ = {
			isa = PBXResourcesBuildPhase;
			buildActionMask = 2147483647;
			files = (
				C04E2C192A473EAA00A5B1E8 /* LaunchScreen.storyboard in Resources */,
				C04E2C162A473EAA00A5B1E8 /* Assets.xcassets in Resources */,
				C04E2C112A473EAA00A5B1E8 /* Main.storyboard in Resources */,
			);
			runOnlyForDeploymentPostprocessing = 0;
		};
		C04E2C1D2A473EAB00A5B1E8 /* Resources */ = {
			isa = PBXResourcesBuildPhase;
			buildActionMask = 2147483647;
			files = (
			);
			runOnlyForDeploymentPostprocessing = 0;
		};
		C04E2C272A473EAB00A5B1E8 /* Resources */ = {
			isa = PBXResourcesBuildPhase;
			buildActionMask = 2147483647;
			files = (
			);
			runOnlyForDeploymentPostprocessing = 0;
		};
/* End PBXResourcesBuildPhase section */

/* Begin PBXSourcesBuildPhase section */
		C04E2C022A473EAA00A5B1E8 /* Sources */ = {
			isa = PBXSourcesBuildPhase;
			buildActionMask = 2147483647;
			files = (
				C04E2C0E2A473EAA00A5B1E8 /* ViewController.swift in Sources */,
				C04E2C0A2A473EAA00A5B1E8 /* AppDelegate.swift in Sources */,
				C04E2C142A473EAA00A5B1E8 /* OpenMeteo.xcdatamodeld in Sources */,
				C04E2C0C2A473EAA00A5B1E8 /* SceneDelegate.swift in Sources */,
			);
			runOnlyForDeploymentPostprocessing = 0;
		};
		C04E2C1B2A473EAB00A5B1E8 /* Sources */ = {
			isa = PBXSourcesBuildPhase;
			buildActionMask = 2147483647;
			files = (
				C04E2C242A473EAB00A5B1E8 /* OpenMeteoTests.swift in Sources */,
			);
			runOnlyForDeploymentPostprocessing = 0;
		};
		C04E2C252A473EAB00A5B1E8 /* Sources */ = {
			isa = PBXSourcesBuildPhase;
			buildActionMask = 2147483647;
			files = (
				C04E2C2E2A473EAB00A5B1E8 /* OpenMeteoUITests.swift in Sources */,
				C04E2C302A473EAB00A5B1E8 /* OpenMeteoUITestsLaunchTests.swift in Sources */,
			);
			runOnlyForDeploymentPostprocessing = 0;
		};
/* End PBXSourcesBuildPhase section */

/* Begin PBXTargetDependency section */
		C04E2C212A473EAB00A5B1E8 /* PBXTargetDependency */ = {
			isa = PBXTargetDependency;
			target = C04E2C052A473EAA00A5B1E8 /* OpenMeteo */;
			targetProxy = C04E2C202A473EAB00A5B1E8 /* PBXContainerItemProxy */;
		};
		C04E2C2B2A473EAB00A5B1E8 /* PBXTargetDependency */ = {
			isa = PBXTargetDependency;
			target = C04E2C052A473EAA00A5B1E8 /* OpenMeteo */;
			targetProxy = C04E2C2A2A473EAB00A5B1E8 /* PBXContainerItemProxy */;
		};
/* End PBXTargetDependency section */

/* Begin PBXVariantGroup section */
		C04E2C0F2A473EAA00A5B1E8 /* Main.storyboard */ = {
			isa = PBXVariantGroup;
			children = (
				C04E2C102A473EAA00A5B1E8 /* Base */,
			);
			name = Main.storyboard;
			sourceTree = "<group>";
		};
		C04E2C172A473EAA00A5B1E8 /* LaunchScreen.storyboard */ = {
			isa = PBXVariantGroup;
			children = (
				C04E2C182A473EAA00A5B1E8 /* Base */,
			);
			name = LaunchScreen.storyboard;
			sourceTree = "<group>";
		};
/* End PBXVariantGroup section */

/* Begin XCBuildConfiguration section */
		C04E2C312A473EAB00A5B1E8 /* Debug */ = {
			isa = XCBuildConfiguration;
			buildSettings = {
				ALWAYS_SEARCH_USER_PATHS = NO;
				CLANG_ANALYZER_NONNULL = YES;
				CLANG_ANALYZER_NUMBER_OBJECT_CONVERSION = YES_AGGRESSIVE;
				CLANG_CXX_LANGUAGE_STANDARD = "gnu++20";
				CLANG_ENABLE_MODULES = YES;
				CLANG_ENABLE_OBJC_ARC = YES;
				CLANG_ENABLE_OBJC_WEAK = YES;
				CLANG_WARN_BLOCK_CAPTURE_AUTORELEASING = YES;
				CLANG_WARN_BOOL_CONVERSION = YES;
				CLANG_WARN_COMMA = YES;
				CLANG_WARN_CONSTANT_CONVERSION = YES;
				CLANG_WARN_DEPRECATED_OBJC_IMPLEMENTATIONS = YES;
				CLANG_WARN_DIRECT_OBJC_ISA_USAGE = YES_ERROR;
				CLANG_WARN_DOCUMENTATION_COMMENTS = YES;
				CLANG_WARN_EMPTY_BODY = YES;
				CLANG_WARN_ENUM_CONVERSION = YES;
				CLANG_WARN_INFINITE_RECURSION = YES;
				CLANG_WARN_INT_CONVERSION = YES;
				CLANG_WARN_NON_LITERAL_NULL_CONVERSION = YES;
				CLANG_WARN_OBJC_IMPLICIT_RETAIN_SELF = YES;
				CLANG_WARN_OBJC_LITERAL_CONVERSION = YES;
				CLANG_WARN_OBJC_ROOT_CLASS = YES_ERROR;
				CLANG_WARN_QUOTED_INCLUDE_IN_FRAMEWORK_HEADER = YES;
				CLANG_WARN_RANGE_LOOP_ANALYSIS = YES;
				CLANG_WARN_STRICT_PROTOTYPES = YES;
				CLANG_WARN_SUSPICIOUS_MOVE = YES;
				CLANG_WARN_UNGUARDED_AVAILABILITY = YES_AGGRESSIVE;
				CLANG_WARN_UNREACHABLE_CODE = YES;
				CLANG_WARN__DUPLICATE_METHOD_MATCH = YES;
				COPY_PHASE_STRIP = NO;
				DEBUG_INFORMATION_FORMAT = dwarf;
				ENABLE_STRICT_OBJC_MSGSEND = YES;
				ENABLE_TESTABILITY = YES;
				GCC_C_LANGUAGE_STANDARD = gnu11;
				GCC_DYNAMIC_NO_PIC = NO;
				GCC_NO_COMMON_BLOCKS = YES;
				GCC_OPTIMIZATION_LEVEL = 0;
				GCC_PREPROCESSOR_DEFINITIONS = (
					"DEBUG=1",
					"$(inherited)",
				);
				GCC_WARN_64_TO_32_BIT_CONVERSION = YES;
				GCC_WARN_ABOUT_RETURN_TYPE = YES_ERROR;
				GCC_WARN_UNDECLARED_SELECTOR = YES;
				GCC_WARN_UNINITIALIZED_AUTOS = YES_AGGRESSIVE;
				GCC_WARN_UNUSED_FUNCTION = YES;
				GCC_WARN_UNUSED_VARIABLE = YES;
				IPHONEOS_DEPLOYMENT_TARGET = 16.4;
				MTL_ENABLE_DEBUG_INFO = INCLUDE_SOURCE;
				MTL_FAST_MATH = YES;
				ONLY_ACTIVE_ARCH = YES;
				SDKROOT = iphoneos;
				SWIFT_ACTIVE_COMPILATION_CONDITIONS = DEBUG;
				SWIFT_OPTIMIZATION_LEVEL = "-Onone";
			};
			name = Debug;
		};
		C04E2C322A473EAB00A5B1E8 /* Release */ = {
			isa = XCBuildConfiguration;
			buildSettings = {
				ALWAYS_SEARCH_USER_PATHS = NO;
				CLANG_ANALYZER_NONNULL = YES;
				CLANG_ANALYZER_NUMBER_OBJECT_CONVERSION = YES_AGGRESSIVE;
				CLANG_CXX_LANGUAGE_STANDARD = "gnu++20";
				CLANG_ENABLE_MODULES = YES;
				CLANG_ENABLE_OBJC_ARC = YES;
				CLANG_ENABLE_OBJC_WEAK = YES;
				CLANG_WARN_BLOCK_CAPTURE_AUTORELEASING = YES;
				CLANG_WARN_BOOL_CONVERSION = YES;
				CLANG_WARN_COMMA = YES;
				CLANG_WARN_CONSTANT_CONVERSION = YES;
				CLANG_WARN_DEPRECATED_OBJC_IMPLEMENTATIONS = YES;
				CLANG_WARN_DIRECT_OBJC_ISA_USAGE = YES_ERROR;
				CLANG_WARN_DOCUMENTATION_COMMENTS = YES;
				CLANG_WARN_EMPTY_BODY = YES;
				CLANG_WARN_ENUM_CONVERSION = YES;
				CLANG_WARN_INFINITE_RECURSION = YES;
				CLANG_WARN_INT_CONVERSION = YES;
				CLANG_WARN_NON_LITERAL_NULL_CONVERSION = YES;
				CLANG_WARN_OBJC_IMPLICIT_RETAIN_SELF = YES;
				CLANG_WARN_OBJC_LITERAL_CONVERSION = YES;
				CLANG_WARN_OBJC_ROOT_CLASS = YES_ERROR;
				CLANG_WARN_QUOTED_INCLUDE_IN_FRAMEWORK_HEADER = YES;
				CLANG_WARN_RANGE_LOOP_ANALYSIS = YES;
				CLANG_WARN_STRICT_PROTOTYPES = YES;
				CLANG_WARN_SUSPICIOUS_MOVE = YES;
				CLANG_WARN_UNGUARDED_AVAILABILITY = YES_AGGRESSIVE;
				CLANG_WARN_UNREACHABLE_CODE = YES;
				CLANG_WARN__DUPLICATE_METHOD_MATCH = YES;
				COPY_PHASE_STRIP = NO;
				DEBUG_INFORMATION_FORMAT = "dwarf-with-dsym";
				ENABLE_NS_ASSERTIONS = NO;
				ENABLE_STRICT_OBJC_MSGSEND = YES;
				GCC_C_LANGUAGE_STANDARD = gnu11;
				GCC_NO_COMMON_BLOCKS = YES;
				GCC_WARN_64_TO_32_BIT_CONVERSION = YES;
				GCC_WARN_ABOUT_RETURN_TYPE = YES_ERROR;
				GCC_WARN_UNDECLARED_SELECTOR = YES;
				GCC_WARN_UNINITIALIZED_AUTOS = YES_AGGRESSIVE;
				GCC_WARN_UNUSED_FUNCTION = YES;
				GCC_WARN_UNUSED_VARIABLE = YES;
				IPHONEOS_DEPLOYMENT_TARGET = 16.4;
				MTL_ENABLE_DEBUG_INFO = NO;
				MTL_FAST_MATH = YES;
				SDKROOT = iphoneos;
				SWIFT_COMPILATION_MODE = wholemodule;
				SWIFT_OPTIMIZATION_LEVEL = "-O";
				VALIDATE_PRODUCT = YES;
			};
			name = Release;
		};
		C04E2C342A473EAB00A5B1E8 /* Debug */ = {
			isa = XCBuildConfiguration;
			buildSettings = {
				ASSETCATALOG_COMPILER_APPICON_NAME = AppIcon;
				ASSETCATALOG_COMPILER_GLOBAL_ACCENT_COLOR_NAME = AccentColor;
				CODE_SIGN_STYLE = Automatic;
				CURRENT_PROJECT_VERSION = 1;
				DEVELOPMENT_TEAM = 586JQB45F3;
				GENERATE_INFOPLIST_FILE = YES;
				INFOPLIST_FILE = OpenMeteo/Info.plist;
				INFOPLIST_KEY_UIApplicationSupportsIndirectInputEvents = YES;
				INFOPLIST_KEY_UILaunchStoryboardName = LaunchScreen;
				INFOPLIST_KEY_UIMainStoryboardFile = Main;
				INFOPLIST_KEY_UISupportedInterfaceOrientations_iPad = "UIInterfaceOrientationPortrait UIInterfaceOrientationPortraitUpsideDown UIInterfaceOrientationLandscapeLeft UIInterfaceOrientationLandscapeRight";
				INFOPLIST_KEY_UISupportedInterfaceOrientations_iPhone = "UIInterfaceOrientationPortrait UIInterfaceOrientationLandscapeLeft UIInterfaceOrientationLandscapeRight";
				LD_RUNPATH_SEARCH_PATHS = (
					"$(inherited)",
					"@executable_path/Frameworks",
				);
				MARKETING_VERSION = 1.0;
				PRODUCT_BUNDLE_IDENTIFIER = ru.ighiba.OpenMeteo;
				PRODUCT_NAME = "$(TARGET_NAME)";
				SWIFT_EMIT_LOC_STRINGS = YES;
				SWIFT_VERSION = 5.0;
				TARGETED_DEVICE_FAMILY = "1,2";
			};
			name = Debug;
		};
		C04E2C352A473EAB00A5B1E8 /* Release */ = {
			isa = XCBuildConfiguration;
			buildSettings = {
				ASSETCATALOG_COMPILER_APPICON_NAME = AppIcon;
				ASSETCATALOG_COMPILER_GLOBAL_ACCENT_COLOR_NAME = AccentColor;
				CODE_SIGN_STYLE = Automatic;
				CURRENT_PROJECT_VERSION = 1;
				DEVELOPMENT_TEAM = 586JQB45F3;
				GENERATE_INFOPLIST_FILE = YES;
				INFOPLIST_FILE = OpenMeteo/Info.plist;
				INFOPLIST_KEY_UIApplicationSupportsIndirectInputEvents = YES;
				INFOPLIST_KEY_UILaunchStoryboardName = LaunchScreen;
				INFOPLIST_KEY_UIMainStoryboardFile = Main;
				INFOPLIST_KEY_UISupportedInterfaceOrientations_iPad = "UIInterfaceOrientationPortrait UIInterfaceOrientationPortraitUpsideDown UIInterfaceOrientationLandscapeLeft UIInterfaceOrientationLandscapeRight";
				INFOPLIST_KEY_UISupportedInterfaceOrientations_iPhone = "UIInterfaceOrientationPortrait UIInterfaceOrientationLandscapeLeft UIInterfaceOrientationLandscapeRight";
				LD_RUNPATH_SEARCH_PATHS = (
					"$(inherited)",
					"@executable_path/Frameworks",
				);
				MARKETING_VERSION = 1.0;
				PRODUCT_BUNDLE_IDENTIFIER = ru.ighiba.OpenMeteo;
				PRODUCT_NAME = "$(TARGET_NAME)";
				SWIFT_EMIT_LOC_STRINGS = YES;
				SWIFT_VERSION = 5.0;
				TARGETED_DEVICE_FAMILY = "1,2";
			};
			name = Release;
		};
		C04E2C372A473EAB00A5B1E8 /* Debug */ = {
			isa = XCBuildConfiguration;
			buildSettings = {
				ALWAYS_EMBED_SWIFT_STANDARD_LIBRARIES = YES;
				BUNDLE_LOADER = "$(TEST_HOST)";
				CODE_SIGN_STYLE = Automatic;
				CURRENT_PROJECT_VERSION = 1;
				DEVELOPMENT_TEAM = 586JQB45F3;
				GENERATE_INFOPLIST_FILE = YES;
				IPHONEOS_DEPLOYMENT_TARGET = 16.4;
				MARKETING_VERSION = 1.0;
				PRODUCT_BUNDLE_IDENTIFIER = ru.ighiba.OpenMeteoTests;
				PRODUCT_NAME = "$(TARGET_NAME)";
				SWIFT_EMIT_LOC_STRINGS = NO;
				SWIFT_VERSION = 5.0;
				TARGETED_DEVICE_FAMILY = "1,2";
				TEST_HOST = "$(BUILT_PRODUCTS_DIR)/OpenMeteo.app/$(BUNDLE_EXECUTABLE_FOLDER_PATH)/OpenMeteo";
			};
			name = Debug;
		};
		C04E2C382A473EAB00A5B1E8 /* Release */ = {
			isa = XCBuildConfiguration;
			buildSettings = {
				ALWAYS_EMBED_SWIFT_STANDARD_LIBRARIES = YES;
				BUNDLE_LOADER = "$(TEST_HOST)";
				CODE_SIGN_STYLE = Automatic;
				CURRENT_PROJECT_VERSION = 1;
				DEVELOPMENT_TEAM = 586JQB45F3;
				GENERATE_INFOPLIST_FILE = YES;
				IPHONEOS_DEPLOYMENT_TARGET = 16.4;
				MARKETING_VERSION = 1.0;
				PRODUCT_BUNDLE_IDENTIFIER = ru.ighiba.OpenMeteoTests;
				PRODUCT_NAME = "$(TARGET_NAME)";
				SWIFT_EMIT_LOC_STRINGS = NO;
				SWIFT_VERSION = 5.0;
				TARGETED_DEVICE_FAMILY = "1,2";
				TEST_HOST = "$(BUILT_PRODUCTS_DIR)/OpenMeteo.app/$(BUNDLE_EXECUTABLE_FOLDER_PATH)/OpenMeteo";
			};
			name = Release;
		};
		C04E2C3A2A473EAB00A5B1E8 /* Debug */ = {
			isa = XCBuildConfiguration;
			buildSettings = {
				ALWAYS_EMBED_SWIFT_STANDARD_LIBRARIES = YES;
				CODE_SIGN_STYLE = Automatic;
				CURRENT_PROJECT_VERSION = 1;
				DEVELOPMENT_TEAM = 586JQB45F3;
				GENERATE_INFOPLIST_FILE = YES;
				MARKETING_VERSION = 1.0;
				PRODUCT_BUNDLE_IDENTIFIER = ru.ighiba.OpenMeteoUITests;
				PRODUCT_NAME = "$(TARGET_NAME)";
				SWIFT_EMIT_LOC_STRINGS = NO;
				SWIFT_VERSION = 5.0;
				TARGETED_DEVICE_FAMILY = "1,2";
				TEST_TARGET_NAME = OpenMeteo;
			};
			name = Debug;
		};
		C04E2C3B2A473EAB00A5B1E8 /* Release */ = {
			isa = XCBuildConfiguration;
			buildSettings = {
				ALWAYS_EMBED_SWIFT_STANDARD_LIBRARIES = YES;
				CODE_SIGN_STYLE = Automatic;
				CURRENT_PROJECT_VERSION = 1;
				DEVELOPMENT_TEAM = 586JQB45F3;
				GENERATE_INFOPLIST_FILE = YES;
				MARKETING_VERSION = 1.0;
				PRODUCT_BUNDLE_IDENTIFIER = ru.ighiba.OpenMeteoUITests;
				PRODUCT_NAME = "$(TARGET_NAME)";
				SWIFT_EMIT_LOC_STRINGS = NO;
				SWIFT_VERSION = 5.0;
				TARGETED_DEVICE_FAMILY = "1,2";
				TEST_TARGET_NAME = OpenMeteo;
			};
			name = Release;
		};
/* End XCBuildConfiguration section */

/* Begin XCConfigurationList section */
		C04E2C012A473EAA00A5B1E8 /* Build configuration list for PBXProject "OpenMeteo" */ = {
			isa = XCConfigurationList;
			buildConfigurations = (
				C04E2C312A473EAB00A5B1E8 /* Debug */,
				C04E2C322A473EAB00A5B1E8 /* Release */,
			);
			defaultConfigurationIsVisible = 0;
			defaultConfigurationName = Release;
		};
		C04E2C332A473EAB00A5B1E8 /* Build configuration list for PBXNativeTarget "OpenMeteo" */ = {
			isa = XCConfigurationList;
			buildConfigurations = (
				C04E2C342A473EAB00A5B1E8 /* Debug */,
				C04E2C352A473EAB00A5B1E8 /* Release */,
			);
			defaultConfigurationIsVisible = 0;
			defaultConfigurationName = Release;
		};
		C04E2C362A473EAB00A5B1E8 /* Build configuration list for PBXNativeTarget "OpenMeteoTests" */ = {
			isa = XCConfigurationList;
			buildConfigurations = (
				C04E2C372A473EAB00A5B1E8 /* Debug */,
				C04E2C382A473EAB00A5B1E8 /* Release */,
			);
			defaultConfigurationIsVisible = 0;
			defaultConfigurationName = Release;
		};
		C04E2C392A473EAB00A5B1E8 /* Build configuration list for PBXNativeTarget "OpenMeteoUITests" */ = {
			isa = XCConfigurationList;
			buildConfigurations = (
				C04E2C3A2A473EAB00A5B1E8 /* Debug */,
				C04E2C3B2A473EAB00A5B1E8 /* Release */,
			);
			defaultConfigurationIsVisible = 0;
			defaultConfigurationName = Release;
		};
/* End XCConfigurationList section */

/* Begin XCVersionGroup section */
		C04E2C122A473EAA00A5B1E8 /* OpenMeteo.xcdatamodeld */ = {
			isa = XCVersionGroup;
			children = (
				C04E2C132A473EAA00A5B1E8 /* OpenMeteo.xcdatamodel */,
			);
			currentVersion = C04E2C132A473EAA00A5B1E8 /* OpenMeteo.xcdatamodel */;
			path = OpenMeteo.xcdatamodeld;
			sourceTree = "<group>";
			versionGroupType = wrapper.xcdatamodel;
		};
/* End XCVersionGroup section */
	};
	rootObject = C04E2BFE2A473EAA00A5B1E8 /* Project object */;
}
