// !$*UTF8*$!
{
	archiveVersion = 1;
	classes = {
	};
	objectVersion = 56;
	objects = {

/* Begin PBXBuildFile section */
		30720A06BFBA96D2A2BA6B2B /* Pods_OpenMeteo.framework in Frameworks */ = {isa = PBXBuildFile; fileRef = 1D9983A7EC377E34541D0904 /* Pods_OpenMeteo.framework */; };
		C01D28C62A5330C900412BCD /* OpenMeteoNavigationController.swift in Sources */ = {isa = PBXBuildFile; fileRef = C01D28C52A5330C900412BCD /* OpenMeteoNavigationController.swift */; };
		C01D28C92A53738E00412BCD /* NetworkManager.swift in Sources */ = {isa = PBXBuildFile; fileRef = C01D28C82A53738E00412BCD /* NetworkManager.swift */; };
		C01D28CB2A5430B700412BCD /* URL.swift in Sources */ = {isa = PBXBuildFile; fileRef = C01D28CA2A5430B700412BCD /* URL.swift */; };
		C01D28CD2A5434C600412BCD /* FetchError.swift in Sources */ = {isa = PBXBuildFile; fileRef = C01D28CC2A5434C600412BCD /* FetchError.swift */; };
		C02DE7042A65678300D38A31 /* Array+Identifiable.swift in Sources */ = {isa = PBXBuildFile; fileRef = C02DE7032A65678300D38A31 /* Array+Identifiable.swift */; };
		C04E2C0A2A473EAA00A5B1E8 /* AppDelegate.swift in Sources */ = {isa = PBXBuildFile; fileRef = C04E2C092A473EAA00A5B1E8 /* AppDelegate.swift */; };
		C04E2C0C2A473EAA00A5B1E8 /* SceneDelegate.swift in Sources */ = {isa = PBXBuildFile; fileRef = C04E2C0B2A473EAA00A5B1E8 /* SceneDelegate.swift */; };
		C04E2C162A473EAA00A5B1E8 /* Assets.xcassets in Resources */ = {isa = PBXBuildFile; fileRef = C04E2C152A473EAA00A5B1E8 /* Assets.xcassets */; };
		C04E2C192A473EAA00A5B1E8 /* LaunchScreen.storyboard in Resources */ = {isa = PBXBuildFile; fileRef = C04E2C172A473EAA00A5B1E8 /* LaunchScreen.storyboard */; };
		C04E2C242A473EAB00A5B1E8 /* WeatherJSONTests.swift in Sources */ = {isa = PBXBuildFile; fileRef = C04E2C232A473EAB00A5B1E8 /* WeatherJSONTests.swift */; };
		C04E2C2E2A473EAB00A5B1E8 /* OpenMeteoUITests.swift in Sources */ = {isa = PBXBuildFile; fileRef = C04E2C2D2A473EAB00A5B1E8 /* OpenMeteoUITests.swift */; };
		C04E2C302A473EAB00A5B1E8 /* OpenMeteoUITestsLaunchTests.swift in Sources */ = {isa = PBXBuildFile; fileRef = C04E2C2F2A473EAB00A5B1E8 /* OpenMeteoUITestsLaunchTests.swift */; };
		C04E2C562A473FD600A5B1E8 /* GeoWeatherListModuleAssembly.swift in Sources */ = {isa = PBXBuildFile; fileRef = C04E2C522A473FD600A5B1E8 /* GeoWeatherListModuleAssembly.swift */; };
		C04E2C572A473FD600A5B1E8 /* GeoWeatherListViewController.swift in Sources */ = {isa = PBXBuildFile; fileRef = C04E2C532A473FD600A5B1E8 /* GeoWeatherListViewController.swift */; };
		C04E2C592A473FD600A5B1E8 /* GeoWeatherListViewModel.swift in Sources */ = {isa = PBXBuildFile; fileRef = C04E2C552A473FD600A5B1E8 /* GeoWeatherListViewModel.swift */; };
		C04E2C602A47425600A5B1E8 /* WeatherJSON.swift in Sources */ = {isa = PBXBuildFile; fileRef = C04E2C5F2A47425600A5B1E8 /* WeatherJSON.swift */; };
		C04E2C622A474EDD00A5B1E8 /* TestData.swift in Sources */ = {isa = PBXBuildFile; fileRef = C04E2C612A474EDD00A5B1E8 /* TestData.swift */; };
		C04E2C642A475E0F00A5B1E8 /* Weather.swift in Sources */ = {isa = PBXBuildFile; fileRef = C04E2C632A475E0F00A5B1E8 /* Weather.swift */; };
		C04E2C662A475E1A00A5B1E8 /* HourForecast.swift in Sources */ = {isa = PBXBuildFile; fileRef = C04E2C652A475E1A00A5B1E8 /* HourForecast.swift */; };
		C04E2C682A476D0200A5B1E8 /* Geocoding.swift in Sources */ = {isa = PBXBuildFile; fileRef = C04E2C672A476D0200A5B1E8 /* Geocoding.swift */; };
		C04E2C6A2A476FB800A5B1E8 /* GeoWeather.swift in Sources */ = {isa = PBXBuildFile; fileRef = C04E2C692A476FB800A5B1E8 /* GeoWeather.swift */; };
		C04E2C6C2A47773B00A5B1E8 /* GeocodingJSON.swift in Sources */ = {isa = PBXBuildFile; fileRef = C04E2C6B2A47773B00A5B1E8 /* GeocodingJSON.swift */; };
		C04E2C6E2A477B0B00A5B1E8 /* GeocodingJSONTests.swift in Sources */ = {isa = PBXBuildFile; fileRef = C04E2C6D2A477B0B00A5B1E8 /* GeocodingJSONTests.swift */; };
		C066C6B82A4F66D3004FDDE8 /* CALayerAnimationDelegate.swift in Sources */ = {isa = PBXBuildFile; fileRef = C066C6B72A4F66D3004FDDE8 /* CALayerAnimationDelegate.swift */; };
		C066C6BA2A4F6FE6004FDDE8 /* GeoWeatherDetailTransitionAnimator.swift in Sources */ = {isa = PBXBuildFile; fileRef = C066C6B92A4F6FE6004FDDE8 /* GeoWeatherDetailTransitionAnimator.swift */; };
		C066C6BC2A4F738A004FDDE8 /* CAShapeLayer.swift in Sources */ = {isa = PBXBuildFile; fileRef = C066C6BB2A4F738A004FDDE8 /* CAShapeLayer.swift */; };
		C066C6C32A50961D004FDDE8 /* BlurredButtonContaner.swift in Sources */ = {isa = PBXBuildFile; fileRef = C066C6C22A50961D004FDDE8 /* BlurredButtonContaner.swift */; };
		C066C6C52A50CD45004FDDE8 /* ContainerView.swift in Sources */ = {isa = PBXBuildFile; fileRef = C066C6C42A50CD45004FDDE8 /* ContainerView.swift */; };
		C066C6C72A50CD90004FDDE8 /* Wind.swift in Sources */ = {isa = PBXBuildFile; fileRef = C066C6C62A50CD90004FDDE8 /* Wind.swift */; };
		C066C6CA2A50E01E004FDDE8 /* WindContainer.swift in Sources */ = {isa = PBXBuildFile; fileRef = C066C6C92A50E01E004FDDE8 /* WindContainer.swift */; };
		C066C6CC2A50E04A004FDDE8 /* ApparentTemperatureContainer.swift in Sources */ = {isa = PBXBuildFile; fileRef = C066C6CB2A50E04A004FDDE8 /* ApparentTemperatureContainer.swift */; };
		C066C6CE2A50F145004FDDE8 /* RelativeHumidityContainer.swift in Sources */ = {isa = PBXBuildFile; fileRef = C066C6CD2A50F145004FDDE8 /* RelativeHumidityContainer.swift */; };
		C066C6D02A50F36A004FDDE8 /* PrecipitationSumContainer.swift in Sources */ = {isa = PBXBuildFile; fileRef = C066C6CF2A50F36A004FDDE8 /* PrecipitationSumContainer.swift */; };
		C066C6DF2A523381004FDDE8 /* GeoSearchModuleAssembly.swift in Sources */ = {isa = PBXBuildFile; fileRef = C066C6DB2A523381004FDDE8 /* GeoSearchModuleAssembly.swift */; };
		C066C6E02A523381004FDDE8 /* GeoSearchViewController.swift in Sources */ = {isa = PBXBuildFile; fileRef = C066C6DC2A523381004FDDE8 /* GeoSearchViewController.swift */; };
		C066C6E22A523381004FDDE8 /* GeoSearchViewModel.swift in Sources */ = {isa = PBXBuildFile; fileRef = C066C6DE2A523381004FDDE8 /* GeoSearchViewModel.swift */; };
		C066C6E42A523CD8004FDDE8 /* GeocodingCell.swift in Sources */ = {isa = PBXBuildFile; fileRef = C066C6E32A523CD8004FDDE8 /* GeocodingCell.swift */; };
		C08D19632A48AC1000834A21 /* GeoWeatherCell.swift in Sources */ = {isa = PBXBuildFile; fileRef = C08D19622A48AC1000834A21 /* GeoWeatherCell.swift */; };
		C08D19652A48AC8300834A21 /* GeoWeatherListViewController+DataSource.swift in Sources */ = {isa = PBXBuildFile; fileRef = C08D19642A48AC8300834A21 /* GeoWeatherListViewController+DataSource.swift */; };
		C08D196B2A48BAF300834A21 /* GeoWeatherDetailModuleAssembly.swift in Sources */ = {isa = PBXBuildFile; fileRef = C08D19672A48BAF300834A21 /* GeoWeatherDetailModuleAssembly.swift */; };
		C08D196C2A48BAF300834A21 /* GeoWeatherDetailController.swift in Sources */ = {isa = PBXBuildFile; fileRef = C08D19682A48BAF300834A21 /* GeoWeatherDetailController.swift */; };
		C08D196D2A48BAF300834A21 /* GeoWeatherDetailView.swift in Sources */ = {isa = PBXBuildFile; fileRef = C08D19692A48BAF300834A21 /* GeoWeatherDetailView.swift */; };
		C08D196E2A48BAF300834A21 /* GeoWeatherDetailViewModel.swift in Sources */ = {isa = PBXBuildFile; fileRef = C08D196A2A48BAF300834A21 /* GeoWeatherDetailViewModel.swift */; };
		C08D19732A48F05B00834A21 /* TemperatureLabel.swift in Sources */ = {isa = PBXBuildFile; fileRef = C08D19722A48F05B00834A21 /* TemperatureLabel.swift */; };
		C093EF3D2A5835180076C4C3 /* SearchBarDelegate.swift in Sources */ = {isa = PBXBuildFile; fileRef = C093EF3C2A5835180076C4C3 /* SearchBarDelegate.swift */; };
		C093EF3F2A5836C00076C4C3 /* UINavigationBarAppearance.swift in Sources */ = {isa = PBXBuildFile; fileRef = C093EF3E2A5836C00076C4C3 /* UINavigationBarAppearance.swift */; };
		C093EF412A58392E0076C4C3 /* DayPhase.swift in Sources */ = {isa = PBXBuildFile; fileRef = C093EF402A58392E0076C4C3 /* DayPhase.swift */; };
		C0E54D172A49A5DE003D00C8 /* DayForecastRow.swift in Sources */ = {isa = PBXBuildFile; fileRef = C0E54D162A49A5DE003D00C8 /* DayForecastRow.swift */; };
		C0E54D192A49D993003D00C8 /* DayForecast.swift in Sources */ = {isa = PBXBuildFile; fileRef = C0E54D182A49D993003D00C8 /* DayForecast.swift */; };
		C0E54D1C2A49EB47003D00C8 /* Date.swift in Sources */ = {isa = PBXBuildFile; fileRef = C0E54D1B2A49EB47003D00C8 /* Date.swift */; };
		C0E54D1E2A49EB84003D00C8 /* DailyForecastContainer.swift in Sources */ = {isa = PBXBuildFile; fileRef = C0E54D1D2A49EB84003D00C8 /* DailyForecastContainer.swift */; };
		C0E54D202A4A292C003D00C8 /* HourForecastCell.swift in Sources */ = {isa = PBXBuildFile; fileRef = C0E54D1F2A4A292C003D00C8 /* HourForecastCell.swift */; };
		C0E54D222A4A2954003D00C8 /* HourlyForecastCollectionView.swift in Sources */ = {isa = PBXBuildFile; fileRef = C0E54D212A4A2954003D00C8 /* HourlyForecastCollectionView.swift */; };
		C0E54D242A4B0F06003D00C8 /* DatedForecast.swift in Sources */ = {isa = PBXBuildFile; fileRef = C0E54D232A4B0F06003D00C8 /* DatedForecast.swift */; };
		C0E54D262A4B39B8003D00C8 /* UIVisualEffectView.swift in Sources */ = {isa = PBXBuildFile; fileRef = C0E54D252A4B39B8003D00C8 /* UIVisualEffectView.swift */; };
		C0E54D282A4B4B3F003D00C8 /* Colors.xcassets in Resources */ = {isa = PBXBuildFile; fileRef = C0E54D272A4B4B3F003D00C8 /* Colors.xcassets */; };
		C0E54D2A2A4B868B003D00C8 /* WeatherCode.swift in Sources */ = {isa = PBXBuildFile; fileRef = C0E54D292A4B868B003D00C8 /* WeatherCode.swift */; };
		C0E54D2F2A4B8724003D00C8 /* WeatherColorSet.swift in Sources */ = {isa = PBXBuildFile; fileRef = C0E54D2E2A4B8724003D00C8 /* WeatherColorSet.swift */; };
		C0E54D312A4B8742003D00C8 /* WeatherColor.swift in Sources */ = {isa = PBXBuildFile; fileRef = C0E54D302A4B8742003D00C8 /* WeatherColor.swift */; };
		C0E54D332A4B8768003D00C8 /* GradientView.swift in Sources */ = {isa = PBXBuildFile; fileRef = C0E54D322A4B8768003D00C8 /* GradientView.swift */; };
		C0E54D352A4B8792003D00C8 /* GradientView+WeatherColorSet.swift in Sources */ = {isa = PBXBuildFile; fileRef = C0E54D342A4B8792003D00C8 /* GradientView+WeatherColorSet.swift */; };
		C0E54D372A4B8D52003D00C8 /* WeatherColorSet+SkyType.swift in Sources */ = {isa = PBXBuildFile; fileRef = C0E54D362A4B8D52003D00C8 /* WeatherColorSet+SkyType.swift */; };
		C0E54D392A4C5445003D00C8 /* SkyType.swift in Sources */ = {isa = PBXBuildFile; fileRef = C0E54D382A4C5445003D00C8 /* SkyType.swift */; };
		C0E54D3D2A4C587B003D00C8 /* Localizable.strings in Resources */ = {isa = PBXBuildFile; fileRef = C0E54D3F2A4C587B003D00C8 /* Localizable.strings */; };
		C0E54D442A4CC270003D00C8 /* WeatherIconView.swift in Sources */ = {isa = PBXBuildFile; fileRef = C0E54D432A4CC270003D00C8 /* WeatherIconView.swift */; };
		C0E54D462A4CC29A003D00C8 /* WeatherIcon.swift in Sources */ = {isa = PBXBuildFile; fileRef = C0E54D452A4CC29A003D00C8 /* WeatherIcon.swift */; };
		C0E54D482A4CECBA003D00C8 /* TemperatureLabelSymboled.swift in Sources */ = {isa = PBXBuildFile; fileRef = C0E54D472A4CECBA003D00C8 /* TemperatureLabelSymboled.swift */; };
		C0E54D4A2A4CECEA003D00C8 /* TemperatureRangeContainer.swift in Sources */ = {isa = PBXBuildFile; fileRef = C0E54D492A4CECEA003D00C8 /* TemperatureRangeContainer.swift */; };
		C0E54D4C2A4DD497003D00C8 /* UILabel+NSShadow.swift in Sources */ = {isa = PBXBuildFile; fileRef = C0E54D4B2A4DD497003D00C8 /* UILabel+NSShadow.swift */; };
		C0E6CA342A55A0E700D6695B /* GeoModel.swift in Sources */ = {isa = PBXBuildFile; fileRef = C0E6CA332A55A0E700D6695B /* GeoModel.swift */; };
		C0E6CA362A55A22500D6695B /* DataManager.swift in Sources */ = {isa = PBXBuildFile; fileRef = C0E6CA352A55A22500D6695B /* DataManager.swift */; };
		C0E6CA382A55FEAA00D6695B /* CALayer.swift in Sources */ = {isa = PBXBuildFile; fileRef = C0E6CA372A55FEAA00D6695B /* CALayer.swift */; };
		C0E6CA3A2A56D6EF00D6695B /* LocationManager.swift in Sources */ = {isa = PBXBuildFile; fileRef = C0E6CA392A56D6EF00D6695B /* LocationManager.swift */; };
		C0E6CA3C2A56DCAB00D6695B /* GeoListModel.swift in Sources */ = {isa = PBXBuildFile; fileRef = C0E6CA3B2A56DCAB00D6695B /* GeoListModel.swift */; };
		C0E6CA402A570F8000D6695B /* GeoWeatherDetailNetworkErrorView.swift in Sources */ = {isa = PBXBuildFile; fileRef = C0E6CA3F2A570F8000D6695B /* GeoWeatherDetailNetworkErrorView.swift */; };
		C0E6CA422A571CFB00D6695B /* GeoSearchViewController+DataSource.swift in Sources */ = {isa = PBXBuildFile; fileRef = C0E6CA412A571CFB00D6695B /* GeoSearchViewController+DataSource.swift */; };
		C0EC33A42A4DF9D500EAC0D6 /* StyledContainer.swift in Sources */ = {isa = PBXBuildFile; fileRef = C0EC33A32A4DF9D500EAC0D6 /* StyledContainer.swift */; };
		C0ECBB082A4E47160086EFB6 /* PrecipitationProbabilityLabel.swift in Sources */ = {isa = PBXBuildFile; fileRef = C0ECBB072A4E47160086EFB6 /* PrecipitationProbabilityLabel.swift */; };
/* End PBXBuildFile section */

/* Begin PBXContainerItemProxy section */
		C04E2C202A473EAB00A5B1E8 /* PBXContainerItemProxy */ = {
			isa = PBXContainerItemProxy;
			containerPortal = C04E2BFE2A473EAA00A5B1E8 /* Project object */;
			proxyType = 1;
			remoteGlobalIDString = C04E2C052A473EAA00A5B1E8;
			remoteInfo = OpenMeteo;
		};
		C04E2C2A2A473EAB00A5B1E8 /* PBXContainerItemProxy */ = {
			isa = PBXContainerItemProxy;
			containerPortal = C04E2BFE2A473EAA00A5B1E8 /* Project object */;
			proxyType = 1;
			remoteGlobalIDString = C04E2C052A473EAA00A5B1E8;
			remoteInfo = OpenMeteo;
		};
/* End PBXContainerItemProxy section */

/* Begin PBXFileReference section */
		1D9983A7EC377E34541D0904 /* Pods_OpenMeteo.framework */ = {isa = PBXFileReference; explicitFileType = wrapper.framework; includeInIndex = 0; path = Pods_OpenMeteo.framework; sourceTree = BUILT_PRODUCTS_DIR; };
		5DFDD54B38659B70F701CCFB /* Pods-OpenMeteo.release.xcconfig */ = {isa = PBXFileReference; includeInIndex = 1; lastKnownFileType = text.xcconfig; name = "Pods-OpenMeteo.release.xcconfig"; path = "Target Support Files/Pods-OpenMeteo/Pods-OpenMeteo.release.xcconfig"; sourceTree = "<group>"; };
		9B82575E5454D329C2ED10A8 /* Pods-OpenMeteo.debug.xcconfig */ = {isa = PBXFileReference; includeInIndex = 1; lastKnownFileType = text.xcconfig; name = "Pods-OpenMeteo.debug.xcconfig"; path = "Target Support Files/Pods-OpenMeteo/Pods-OpenMeteo.debug.xcconfig"; sourceTree = "<group>"; };
		C01D28C52A5330C900412BCD /* OpenMeteoNavigationController.swift */ = {isa = PBXFileReference; lastKnownFileType = sourcecode.swift; path = OpenMeteoNavigationController.swift; sourceTree = "<group>"; };
		C01D28C82A53738E00412BCD /* NetworkManager.swift */ = {isa = PBXFileReference; lastKnownFileType = sourcecode.swift; path = NetworkManager.swift; sourceTree = "<group>"; };
		C01D28CA2A5430B700412BCD /* URL.swift */ = {isa = PBXFileReference; lastKnownFileType = sourcecode.swift; path = URL.swift; sourceTree = "<group>"; };
		C01D28CC2A5434C600412BCD /* FetchError.swift */ = {isa = PBXFileReference; lastKnownFileType = sourcecode.swift; path = FetchError.swift; sourceTree = "<group>"; };
		C02DE7032A65678300D38A31 /* Array+Identifiable.swift */ = {isa = PBXFileReference; lastKnownFileType = sourcecode.swift; path = "Array+Identifiable.swift"; sourceTree = "<group>"; };
		C04E2C062A473EAA00A5B1E8 /* OpenMeteo.app */ = {isa = PBXFileReference; explicitFileType = wrapper.application; includeInIndex = 0; path = OpenMeteo.app; sourceTree = BUILT_PRODUCTS_DIR; };
		C04E2C092A473EAA00A5B1E8 /* AppDelegate.swift */ = {isa = PBXFileReference; lastKnownFileType = sourcecode.swift; path = AppDelegate.swift; sourceTree = "<group>"; };
		C04E2C0B2A473EAA00A5B1E8 /* SceneDelegate.swift */ = {isa = PBXFileReference; lastKnownFileType = sourcecode.swift; path = SceneDelegate.swift; sourceTree = "<group>"; };
		C04E2C152A473EAA00A5B1E8 /* Assets.xcassets */ = {isa = PBXFileReference; lastKnownFileType = folder.assetcatalog; path = Assets.xcassets; sourceTree = "<group>"; };
		C04E2C182A473EAA00A5B1E8 /* Base */ = {isa = PBXFileReference; lastKnownFileType = file.storyboard; name = Base; path = Base.lproj/LaunchScreen.storyboard; sourceTree = "<group>"; };
		C04E2C1A2A473EAA00A5B1E8 /* Info.plist */ = {isa = PBXFileReference; lastKnownFileType = text.plist.xml; path = Info.plist; sourceTree = "<group>"; };
		C04E2C1F2A473EAB00A5B1E8 /* OpenMeteoTests.xctest */ = {isa = PBXFileReference; explicitFileType = wrapper.cfbundle; includeInIndex = 0; path = OpenMeteoTests.xctest; sourceTree = BUILT_PRODUCTS_DIR; };
		C04E2C232A473EAB00A5B1E8 /* WeatherJSONTests.swift */ = {isa = PBXFileReference; lastKnownFileType = sourcecode.swift; path = WeatherJSONTests.swift; sourceTree = "<group>"; };
		C04E2C292A473EAB00A5B1E8 /* OpenMeteoUITests.xctest */ = {isa = PBXFileReference; explicitFileType = wrapper.cfbundle; includeInIndex = 0; path = OpenMeteoUITests.xctest; sourceTree = BUILT_PRODUCTS_DIR; };
		C04E2C2D2A473EAB00A5B1E8 /* OpenMeteoUITests.swift */ = {isa = PBXFileReference; lastKnownFileType = sourcecode.swift; path = OpenMeteoUITests.swift; sourceTree = "<group>"; };
		C04E2C2F2A473EAB00A5B1E8 /* OpenMeteoUITestsLaunchTests.swift */ = {isa = PBXFileReference; lastKnownFileType = sourcecode.swift; path = OpenMeteoUITestsLaunchTests.swift; sourceTree = "<group>"; };
		C04E2C522A473FD600A5B1E8 /* GeoWeatherListModuleAssembly.swift */ = {isa = PBXFileReference; lastKnownFileType = sourcecode.swift; path = GeoWeatherListModuleAssembly.swift; sourceTree = "<group>"; };
		C04E2C532A473FD600A5B1E8 /* GeoWeatherListViewController.swift */ = {isa = PBXFileReference; lastKnownFileType = sourcecode.swift; path = GeoWeatherListViewController.swift; sourceTree = "<group>"; };
		C04E2C552A473FD600A5B1E8 /* GeoWeatherListViewModel.swift */ = {isa = PBXFileReference; lastKnownFileType = sourcecode.swift; path = GeoWeatherListViewModel.swift; sourceTree = "<group>"; };
		C04E2C5F2A47425600A5B1E8 /* WeatherJSON.swift */ = {isa = PBXFileReference; lastKnownFileType = sourcecode.swift; path = WeatherJSON.swift; sourceTree = "<group>"; };
		C04E2C612A474EDD00A5B1E8 /* TestData.swift */ = {isa = PBXFileReference; lastKnownFileType = sourcecode.swift; path = TestData.swift; sourceTree = "<group>"; };
		C04E2C632A475E0F00A5B1E8 /* Weather.swift */ = {isa = PBXFileReference; lastKnownFileType = sourcecode.swift; path = Weather.swift; sourceTree = "<group>"; };
		C04E2C652A475E1A00A5B1E8 /* HourForecast.swift */ = {isa = PBXFileReference; lastKnownFileType = sourcecode.swift; path = HourForecast.swift; sourceTree = "<group>"; };
		C04E2C672A476D0200A5B1E8 /* Geocoding.swift */ = {isa = PBXFileReference; lastKnownFileType = sourcecode.swift; path = Geocoding.swift; sourceTree = "<group>"; };
		C04E2C692A476FB800A5B1E8 /* GeoWeather.swift */ = {isa = PBXFileReference; lastKnownFileType = sourcecode.swift; path = GeoWeather.swift; sourceTree = "<group>"; };
		C04E2C6B2A47773B00A5B1E8 /* GeocodingJSON.swift */ = {isa = PBXFileReference; lastKnownFileType = sourcecode.swift; path = GeocodingJSON.swift; sourceTree = "<group>"; };
		C04E2C6D2A477B0B00A5B1E8 /* GeocodingJSONTests.swift */ = {isa = PBXFileReference; lastKnownFileType = sourcecode.swift; path = GeocodingJSONTests.swift; sourceTree = "<group>"; };
		C066C6B72A4F66D3004FDDE8 /* CALayerAnimationDelegate.swift */ = {isa = PBXFileReference; lastKnownFileType = sourcecode.swift; path = CALayerAnimationDelegate.swift; sourceTree = "<group>"; };
		C066C6B92A4F6FE6004FDDE8 /* GeoWeatherDetailTransitionAnimator.swift */ = {isa = PBXFileReference; lastKnownFileType = sourcecode.swift; path = GeoWeatherDetailTransitionAnimator.swift; sourceTree = "<group>"; };
		C066C6BB2A4F738A004FDDE8 /* CAShapeLayer.swift */ = {isa = PBXFileReference; lastKnownFileType = sourcecode.swift; path = CAShapeLayer.swift; sourceTree = "<group>"; };
		C066C6C12A5039D3004FDDE8 /* OpenMeteo.xctestplan */ = {isa = PBXFileReference; lastKnownFileType = text; name = OpenMeteo.xctestplan; path = OpenMeteo/OpenMeteo.xctestplan; sourceTree = "<group>"; };
		C066C6C22A50961D004FDDE8 /* BlurredButtonContaner.swift */ = {isa = PBXFileReference; lastKnownFileType = sourcecode.swift; path = BlurredButtonContaner.swift; sourceTree = "<group>"; };
		C066C6C42A50CD45004FDDE8 /* ContainerView.swift */ = {isa = PBXFileReference; lastKnownFileType = sourcecode.swift; path = ContainerView.swift; sourceTree = "<group>"; };
		C066C6C62A50CD90004FDDE8 /* Wind.swift */ = {isa = PBXFileReference; lastKnownFileType = sourcecode.swift; path = Wind.swift; sourceTree = "<group>"; };
		C066C6C92A50E01E004FDDE8 /* WindContainer.swift */ = {isa = PBXFileReference; lastKnownFileType = sourcecode.swift; path = WindContainer.swift; sourceTree = "<group>"; };
		C066C6CB2A50E04A004FDDE8 /* ApparentTemperatureContainer.swift */ = {isa = PBXFileReference; lastKnownFileType = sourcecode.swift; path = ApparentTemperatureContainer.swift; sourceTree = "<group>"; };
		C066C6CD2A50F145004FDDE8 /* RelativeHumidityContainer.swift */ = {isa = PBXFileReference; lastKnownFileType = sourcecode.swift; path = RelativeHumidityContainer.swift; sourceTree = "<group>"; };
		C066C6CF2A50F36A004FDDE8 /* PrecipitationSumContainer.swift */ = {isa = PBXFileReference; lastKnownFileType = sourcecode.swift; path = PrecipitationSumContainer.swift; sourceTree = "<group>"; };
		C066C6DB2A523381004FDDE8 /* GeoSearchModuleAssembly.swift */ = {isa = PBXFileReference; lastKnownFileType = sourcecode.swift; path = GeoSearchModuleAssembly.swift; sourceTree = "<group>"; };
		C066C6DC2A523381004FDDE8 /* GeoSearchViewController.swift */ = {isa = PBXFileReference; lastKnownFileType = sourcecode.swift; path = GeoSearchViewController.swift; sourceTree = "<group>"; };
		C066C6DE2A523381004FDDE8 /* GeoSearchViewModel.swift */ = {isa = PBXFileReference; lastKnownFileType = sourcecode.swift; path = GeoSearchViewModel.swift; sourceTree = "<group>"; };
		C066C6E32A523CD8004FDDE8 /* GeocodingCell.swift */ = {isa = PBXFileReference; lastKnownFileType = sourcecode.swift; path = GeocodingCell.swift; sourceTree = "<group>"; };
		C08D19622A48AC1000834A21 /* GeoWeatherCell.swift */ = {isa = PBXFileReference; lastKnownFileType = sourcecode.swift; path = GeoWeatherCell.swift; sourceTree = "<group>"; };
		C08D19642A48AC8300834A21 /* GeoWeatherListViewController+DataSource.swift */ = {isa = PBXFileReference; lastKnownFileType = sourcecode.swift; path = "GeoWeatherListViewController+DataSource.swift"; sourceTree = "<group>"; };
		C08D19672A48BAF300834A21 /* GeoWeatherDetailModuleAssembly.swift */ = {isa = PBXFileReference; lastKnownFileType = sourcecode.swift; path = GeoWeatherDetailModuleAssembly.swift; sourceTree = "<group>"; };
		C08D19682A48BAF300834A21 /* GeoWeatherDetailController.swift */ = {isa = PBXFileReference; lastKnownFileType = sourcecode.swift; path = GeoWeatherDetailController.swift; sourceTree = "<group>"; };
		C08D19692A48BAF300834A21 /* GeoWeatherDetailView.swift */ = {isa = PBXFileReference; lastKnownFileType = sourcecode.swift; path = GeoWeatherDetailView.swift; sourceTree = "<group>"; };
		C08D196A2A48BAF300834A21 /* GeoWeatherDetailViewModel.swift */ = {isa = PBXFileReference; lastKnownFileType = sourcecode.swift; path = GeoWeatherDetailViewModel.swift; sourceTree = "<group>"; };
		C08D19722A48F05B00834A21 /* TemperatureLabel.swift */ = {isa = PBXFileReference; lastKnownFileType = sourcecode.swift; path = TemperatureLabel.swift; sourceTree = "<group>"; };
		C093EF3C2A5835180076C4C3 /* SearchBarDelegate.swift */ = {isa = PBXFileReference; lastKnownFileType = sourcecode.swift; path = SearchBarDelegate.swift; sourceTree = "<group>"; };
		C093EF3E2A5836C00076C4C3 /* UINavigationBarAppearance.swift */ = {isa = PBXFileReference; lastKnownFileType = sourcecode.swift; path = UINavigationBarAppearance.swift; sourceTree = "<group>"; };
		C093EF402A58392E0076C4C3 /* DayPhase.swift */ = {isa = PBXFileReference; lastKnownFileType = sourcecode.swift; path = DayPhase.swift; sourceTree = "<group>"; };
		C0E54D162A49A5DE003D00C8 /* DayForecastRow.swift */ = {isa = PBXFileReference; lastKnownFileType = sourcecode.swift; path = DayForecastRow.swift; sourceTree = "<group>"; };
		C0E54D182A49D993003D00C8 /* DayForecast.swift */ = {isa = PBXFileReference; lastKnownFileType = sourcecode.swift; path = DayForecast.swift; sourceTree = "<group>"; };
		C0E54D1B2A49EB47003D00C8 /* Date.swift */ = {isa = PBXFileReference; lastKnownFileType = sourcecode.swift; path = Date.swift; sourceTree = "<group>"; };
		C0E54D1D2A49EB84003D00C8 /* DailyForecastContainer.swift */ = {isa = PBXFileReference; lastKnownFileType = sourcecode.swift; path = DailyForecastContainer.swift; sourceTree = "<group>"; };
		C0E54D1F2A4A292C003D00C8 /* HourForecastCell.swift */ = {isa = PBXFileReference; lastKnownFileType = sourcecode.swift; path = HourForecastCell.swift; sourceTree = "<group>"; };
		C0E54D212A4A2954003D00C8 /* HourlyForecastCollectionView.swift */ = {isa = PBXFileReference; lastKnownFileType = sourcecode.swift; path = HourlyForecastCollectionView.swift; sourceTree = "<group>"; };
		C0E54D232A4B0F06003D00C8 /* DatedForecast.swift */ = {isa = PBXFileReference; lastKnownFileType = sourcecode.swift; path = DatedForecast.swift; sourceTree = "<group>"; };
		C0E54D252A4B39B8003D00C8 /* UIVisualEffectView.swift */ = {isa = PBXFileReference; lastKnownFileType = sourcecode.swift; path = UIVisualEffectView.swift; sourceTree = "<group>"; };
		C0E54D272A4B4B3F003D00C8 /* Colors.xcassets */ = {isa = PBXFileReference; lastKnownFileType = folder.assetcatalog; path = Colors.xcassets; sourceTree = "<group>"; };
		C0E54D292A4B868B003D00C8 /* WeatherCode.swift */ = {isa = PBXFileReference; lastKnownFileType = sourcecode.swift; path = WeatherCode.swift; sourceTree = "<group>"; };
		C0E54D2E2A4B8724003D00C8 /* WeatherColorSet.swift */ = {isa = PBXFileReference; lastKnownFileType = sourcecode.swift; path = WeatherColorSet.swift; sourceTree = "<group>"; };
		C0E54D302A4B8742003D00C8 /* WeatherColor.swift */ = {isa = PBXFileReference; lastKnownFileType = sourcecode.swift; path = WeatherColor.swift; sourceTree = "<group>"; };
		C0E54D322A4B8768003D00C8 /* GradientView.swift */ = {isa = PBXFileReference; lastKnownFileType = sourcecode.swift; path = GradientView.swift; sourceTree = "<group>"; };
		C0E54D342A4B8792003D00C8 /* GradientView+WeatherColorSet.swift */ = {isa = PBXFileReference; lastKnownFileType = sourcecode.swift; path = "GradientView+WeatherColorSet.swift"; sourceTree = "<group>"; };
		C0E54D362A4B8D52003D00C8 /* WeatherColorSet+SkyType.swift */ = {isa = PBXFileReference; lastKnownFileType = sourcecode.swift; path = "WeatherColorSet+SkyType.swift"; sourceTree = "<group>"; };
		C0E54D382A4C5445003D00C8 /* SkyType.swift */ = {isa = PBXFileReference; lastKnownFileType = sourcecode.swift; path = SkyType.swift; sourceTree = "<group>"; };
		C0E54D3A2A4C57F4003D00C8 /* ru */ = {isa = PBXFileReference; lastKnownFileType = text.plist.strings; name = ru; path = ru.lproj/LaunchScreen.strings; sourceTree = "<group>"; };
		C0E54D3E2A4C587B003D00C8 /* en */ = {isa = PBXFileReference; lastKnownFileType = text.plist.strings; name = en; path = en.lproj/Localizable.strings; sourceTree = "<group>"; };
		C0E54D402A4C588D003D00C8 /* ru */ = {isa = PBXFileReference; lastKnownFileType = text.plist.strings; name = ru; path = ru.lproj/Localizable.strings; sourceTree = "<group>"; };
		C0E54D432A4CC270003D00C8 /* WeatherIconView.swift */ = {isa = PBXFileReference; lastKnownFileType = sourcecode.swift; path = WeatherIconView.swift; sourceTree = "<group>"; };
		C0E54D452A4CC29A003D00C8 /* WeatherIcon.swift */ = {isa = PBXFileReference; lastKnownFileType = sourcecode.swift; path = WeatherIcon.swift; sourceTree = "<group>"; };
		C0E54D472A4CECBA003D00C8 /* TemperatureLabelSymboled.swift */ = {isa = PBXFileReference; lastKnownFileType = sourcecode.swift; path = TemperatureLabelSymboled.swift; sourceTree = "<group>"; };
		C0E54D492A4CECEA003D00C8 /* TemperatureRangeContainer.swift */ = {isa = PBXFileReference; lastKnownFileType = sourcecode.swift; path = TemperatureRangeContainer.swift; sourceTree = "<group>"; };
		C0E54D4B2A4DD497003D00C8 /* UILabel+NSShadow.swift */ = {isa = PBXFileReference; lastKnownFileType = sourcecode.swift; path = "UILabel+NSShadow.swift"; sourceTree = "<group>"; };
		C0E6CA332A55A0E700D6695B /* GeoModel.swift */ = {isa = PBXFileReference; lastKnownFileType = sourcecode.swift; path = GeoModel.swift; sourceTree = "<group>"; };
		C0E6CA352A55A22500D6695B /* DataManager.swift */ = {isa = PBXFileReference; lastKnownFileType = sourcecode.swift; path = DataManager.swift; sourceTree = "<group>"; };
		C0E6CA372A55FEAA00D6695B /* CALayer.swift */ = {isa = PBXFileReference; lastKnownFileType = sourcecode.swift; path = CALayer.swift; sourceTree = "<group>"; };
		C0E6CA392A56D6EF00D6695B /* LocationManager.swift */ = {isa = PBXFileReference; lastKnownFileType = sourcecode.swift; path = LocationManager.swift; sourceTree = "<group>"; };
		C0E6CA3B2A56DCAB00D6695B /* GeoListModel.swift */ = {isa = PBXFileReference; lastKnownFileType = sourcecode.swift; path = GeoListModel.swift; sourceTree = "<group>"; };
		C0E6CA3F2A570F8000D6695B /* GeoWeatherDetailNetworkErrorView.swift */ = {isa = PBXFileReference; lastKnownFileType = sourcecode.swift; path = GeoWeatherDetailNetworkErrorView.swift; sourceTree = "<group>"; };
		C0E6CA412A571CFB00D6695B /* GeoSearchViewController+DataSource.swift */ = {isa = PBXFileReference; lastKnownFileType = sourcecode.swift; path = "GeoSearchViewController+DataSource.swift"; sourceTree = "<group>"; };
		C0EC33A32A4DF9D500EAC0D6 /* StyledContainer.swift */ = {isa = PBXFileReference; lastKnownFileType = sourcecode.swift; path = StyledContainer.swift; sourceTree = "<group>"; };
		C0ECBB072A4E47160086EFB6 /* PrecipitationProbabilityLabel.swift */ = {isa = PBXFileReference; lastKnownFileType = sourcecode.swift; path = PrecipitationProbabilityLabel.swift; sourceTree = "<group>"; };
/* End PBXFileReference section */

/* Begin PBXFrameworksBuildPhase section */
		C04E2C032A473EAA00A5B1E8 /* Frameworks */ = {
			isa = PBXFrameworksBuildPhase;
			buildActionMask = 2147483647;
			files = (
				30720A06BFBA96D2A2BA6B2B /* Pods_OpenMeteo.framework in Frameworks */,
			);
			runOnlyForDeploymentPostprocessing = 0;
		};
		C04E2C1C2A473EAB00A5B1E8 /* Frameworks */ = {
			isa = PBXFrameworksBuildPhase;
			buildActionMask = 2147483647;
			files = (
			);
			runOnlyForDeploymentPostprocessing = 0;
		};
		C04E2C262A473EAB00A5B1E8 /* Frameworks */ = {
			isa = PBXFrameworksBuildPhase;
			buildActionMask = 2147483647;
			files = (
			);
			runOnlyForDeploymentPostprocessing = 0;
		};
/* End PBXFrameworksBuildPhase section */

/* Begin PBXGroup section */
		5E7DF11332C3B575EEF22C05 /* Frameworks */ = {
			isa = PBXGroup;
			children = (
				1D9983A7EC377E34541D0904 /* Pods_OpenMeteo.framework */,
			);
			name = Frameworks;
			sourceTree = "<group>";
		};
		C01D28C72A53736F00412BCD /* Network */ = {
			isa = PBXGroup;
			children = (
				C01D28C82A53738E00412BCD /* NetworkManager.swift */,
				C01D28CC2A5434C600412BCD /* FetchError.swift */,
			);
			path = Network;
			sourceTree = "<group>";
		};
		C04E2BFD2A473EAA00A5B1E8 = {
			isa = PBXGroup;
			children = (
				C04E2C082A473EAA00A5B1E8 /* OpenMeteo */,
				C04E2C222A473EAB00A5B1E8 /* OpenMeteoTests */,
				C04E2C2C2A473EAB00A5B1E8 /* OpenMeteoUITests */,
				C04E2C072A473EAA00A5B1E8 /* Products */,
				DE709730352D66B5F51FACE3 /* Pods */,
				5E7DF11332C3B575EEF22C05 /* Frameworks */,
				C066C6C12A5039D3004FDDE8 /* OpenMeteo.xctestplan */,
			);
			sourceTree = "<group>";
		};
		C04E2C072A473EAA00A5B1E8 /* Products */ = {
			isa = PBXGroup;
			children = (
				C04E2C062A473EAA00A5B1E8 /* OpenMeteo.app */,
				C04E2C1F2A473EAB00A5B1E8 /* OpenMeteoTests.xctest */,
				C04E2C292A473EAB00A5B1E8 /* OpenMeteoUITests.xctest */,
			);
			name = Products;
			sourceTree = "<group>";
		};
		C04E2C082A473EAA00A5B1E8 /* OpenMeteo */ = {
			isa = PBXGroup;
			children = (
				C04E2C092A473EAA00A5B1E8 /* AppDelegate.swift */,
				C04E2C0B2A473EAA00A5B1E8 /* SceneDelegate.swift */,
				C0E54D2D2A4B8711003D00C8 /* Style */,
				C066C6B62A4F66C4004FDDE8 /* Helpers */,
				C0E54D1A2A49EB3D003D00C8 /* Extensions */,
				C0E6CA302A55A0B500D6695B /* Storage */,
				C01D28C72A53736F00412BCD /* Network */,
				C04E2C5E2A47424600A5B1E8 /* Models */,
				C08D19712A48F04500834A21 /* Views */,
				C04E2C502A473FB100A5B1E8 /* Screens */,
				C04E2C152A473EAA00A5B1E8 /* Assets.xcassets */,
				C0E54D272A4B4B3F003D00C8 /* Colors.xcassets */,
				C04E2C172A473EAA00A5B1E8 /* LaunchScreen.storyboard */,
				C0E54D3F2A4C587B003D00C8 /* Localizable.strings */,
				C04E2C1A2A473EAA00A5B1E8 /* Info.plist */,
			);
			path = OpenMeteo;
			sourceTree = "<group>";
		};
		C04E2C222A473EAB00A5B1E8 /* OpenMeteoTests */ = {
			isa = PBXGroup;
			children = (
				C04E2C612A474EDD00A5B1E8 /* TestData.swift */,
				C04E2C232A473EAB00A5B1E8 /* WeatherJSONTests.swift */,
				C04E2C6D2A477B0B00A5B1E8 /* GeocodingJSONTests.swift */,
			);
			path = OpenMeteoTests;
			sourceTree = "<group>";
		};
		C04E2C2C2A473EAB00A5B1E8 /* OpenMeteoUITests */ = {
			isa = PBXGroup;
			children = (
				C04E2C2D2A473EAB00A5B1E8 /* OpenMeteoUITests.swift */,
				C04E2C2F2A473EAB00A5B1E8 /* OpenMeteoUITestsLaunchTests.swift */,
			);
			path = OpenMeteoUITests;
			sourceTree = "<group>";
		};
		C04E2C502A473FB100A5B1E8 /* Screens */ = {
			isa = PBXGroup;
			children = (
				C066C6DA2A523368004FDDE8 /* GeoSearch */,
				C04E2C512A473FC100A5B1E8 /* GeoWeatherList */,
				C08D19662A48BACE00834A21 /* GeoWeatherDetail */,
			);
			path = Screens;
			sourceTree = "<group>";
		};
		C04E2C512A473FC100A5B1E8 /* GeoWeatherList */ = {
			isa = PBXGroup;
			children = (
				C07C42F72A6E846900E90193 /* View */,
				C07C42F82A6E846F00E90193 /* ViewModel */,
				C01D28C52A5330C900412BCD /* OpenMeteoNavigationController.swift */,
				C04E2C522A473FD600A5B1E8 /* GeoWeatherListModuleAssembly.swift */,
			);
			path = GeoWeatherList;
			sourceTree = "<group>";
		};
		C04E2C5E2A47424600A5B1E8 /* Models */ = {
			isa = PBXGroup;
			children = (
				C093EF402A58392E0076C4C3 /* DayPhase.swift */,
				C0E54D232A4B0F06003D00C8 /* DatedForecast.swift */,
				C0E54D182A49D993003D00C8 /* DayForecast.swift */,
				C04E2C652A475E1A00A5B1E8 /* HourForecast.swift */,
				C04E2C672A476D0200A5B1E8 /* Geocoding.swift */,
				C04E2C6B2A47773B00A5B1E8 /* GeocodingJSON.swift */,
				C04E2C692A476FB800A5B1E8 /* GeoWeather.swift */,
				C04E2C632A475E0F00A5B1E8 /* Weather.swift */,
				C04E2C5F2A47425600A5B1E8 /* WeatherJSON.swift */,
				C0E54D292A4B868B003D00C8 /* WeatherCode.swift */,
				C066C6C62A50CD90004FDDE8 /* Wind.swift */,
			);
			path = Models;
			sourceTree = "<group>";
		};
		C066C6B62A4F66C4004FDDE8 /* Helpers */ = {
			isa = PBXGroup;
			children = (
				C066C6B72A4F66D3004FDDE8 /* CALayerAnimationDelegate.swift */,
				C0E6CA392A56D6EF00D6695B /* LocationManager.swift */,
				C093EF3C2A5835180076C4C3 /* SearchBarDelegate.swift */,
				C066C6B92A4F6FE6004FDDE8 /* GeoWeatherDetailTransitionAnimator.swift */,
			);
			path = Helpers;
			sourceTree = "<group>";
		};
		C066C6C82A50E006004FDDE8 /* Containers */ = {
			isa = PBXGroup;
			children = (
				C0E54D212A4A2954003D00C8 /* HourlyForecastCollectionView.swift */,
				C0E54D1D2A49EB84003D00C8 /* DailyForecastContainer.swift */,
				C066C6CB2A50E04A004FDDE8 /* ApparentTemperatureContainer.swift */,
				C066C6C92A50E01E004FDDE8 /* WindContainer.swift */,
				C066C6CD2A50F145004FDDE8 /* RelativeHumidityContainer.swift */,
				C066C6CF2A50F36A004FDDE8 /* PrecipitationSumContainer.swift */,
			);
			path = Containers;
			sourceTree = "<group>";
		};
		C066C6DA2A523368004FDDE8 /* GeoSearch */ = {
			isa = PBXGroup;
			children = (
				C07C42F92A6E85C500E90193 /* View */,
				C07C42FA2A6E85CD00E90193 /* ViewModel */,
				C066C6DB2A523381004FDDE8 /* GeoSearchModuleAssembly.swift */,
			);
			path = GeoSearch;
			sourceTree = "<group>";
		};
		C07C42F72A6E846900E90193 /* View */ = {
			isa = PBXGroup;
			children = (
				C08D19622A48AC1000834A21 /* GeoWeatherCell.swift */,
				C08D19642A48AC8300834A21 /* GeoWeatherListViewController+DataSource.swift */,
				C04E2C532A473FD600A5B1E8 /* GeoWeatherListViewController.swift */,
			);
			path = View;
			sourceTree = "<group>";
		};
		C07C42F82A6E846F00E90193 /* ViewModel */ = {
			isa = PBXGroup;
			children = (
				C04E2C552A473FD600A5B1E8 /* GeoWeatherListViewModel.swift */,
			);
			path = ViewModel;
			sourceTree = "<group>";
		};
		C07C42F92A6E85C500E90193 /* View */ = {
			isa = PBXGroup;
			children = (
				C066C6E32A523CD8004FDDE8 /* GeocodingCell.swift */,
				C0E6CA412A571CFB00D6695B /* GeoSearchViewController+DataSource.swift */,
				C066C6DC2A523381004FDDE8 /* GeoSearchViewController.swift */,
			);
			path = View;
			sourceTree = "<group>";
		};
		C07C42FA2A6E85CD00E90193 /* ViewModel */ = {
			isa = PBXGroup;
			children = (
				C066C6DE2A523381004FDDE8 /* GeoSearchViewModel.swift */,
			);
			path = ViewModel;
			sourceTree = "<group>";
		};
		C07C42FB2A6E861600E90193 /* ViewModel */ = {
			isa = PBXGroup;
			children = (
				C08D196A2A48BAF300834A21 /* GeoWeatherDetailViewModel.swift */,
			);
			path = ViewModel;
			sourceTree = "<group>";
		};
		C07C42FD2A6E863200E90193 /* View */ = {
			isa = PBXGroup;
			children = (
				C066C6C82A50E006004FDDE8 /* Containers */,
				C0E54D162A49A5DE003D00C8 /* DayForecastRow.swift */,
				C0E54D1F2A4A292C003D00C8 /* HourForecastCell.swift */,
				C0E6CA3F2A570F8000D6695B /* GeoWeatherDetailNetworkErrorView.swift */,
				C08D19692A48BAF300834A21 /* GeoWeatherDetailView.swift */,
				C08D19682A48BAF300834A21 /* GeoWeatherDetailController.swift */,
			);
			path = View;
			sourceTree = "<group>";
		};
		C08D19662A48BACE00834A21 /* GeoWeatherDetail */ = {
			isa = PBXGroup;
			children = (
				C07C42FD2A6E863200E90193 /* View */,
				C07C42FB2A6E861600E90193 /* ViewModel */,
				C08D19672A48BAF300834A21 /* GeoWeatherDetailModuleAssembly.swift */,
			);
			path = GeoWeatherDetail;
			sourceTree = "<group>";
		};
		C08D19712A48F04500834A21 /* Views */ = {
			isa = PBXGroup;
			children = (
				C0ECBB072A4E47160086EFB6 /* PrecipitationProbabilityLabel.swift */,
				C08D19722A48F05B00834A21 /* TemperatureLabel.swift */,
				C0E54D472A4CECBA003D00C8 /* TemperatureLabelSymboled.swift */,
				C0E54D492A4CECEA003D00C8 /* TemperatureRangeContainer.swift */,
				C0E54D432A4CC270003D00C8 /* WeatherIconView.swift */,
				C0E54D322A4B8768003D00C8 /* GradientView.swift */,
				C0E54D342A4B8792003D00C8 /* GradientView+WeatherColorSet.swift */,
				C066C6C22A50961D004FDDE8 /* BlurredButtonContaner.swift */,
				C066C6C42A50CD45004FDDE8 /* ContainerView.swift */,
			);
			path = Views;
			sourceTree = "<group>";
		};
		C0E54D1A2A49EB3D003D00C8 /* Extensions */ = {
			isa = PBXGroup;
			children = (
				C0E54D1B2A49EB47003D00C8 /* Date.swift */,
				C0E6CA372A55FEAA00D6695B /* CALayer.swift */,
				C066C6BB2A4F738A004FDDE8 /* CAShapeLayer.swift */,
				C0E54D252A4B39B8003D00C8 /* UIVisualEffectView.swift */,
				C0E54D4B2A4DD497003D00C8 /* UILabel+NSShadow.swift */,
				C093EF3E2A5836C00076C4C3 /* UINavigationBarAppearance.swift */,
				C01D28CA2A5430B700412BCD /* URL.swift */,
				C02DE7032A65678300D38A31 /* Array+Identifiable.swift */,
			);
			path = Extensions;
			sourceTree = "<group>";
		};
		C0E54D2D2A4B8711003D00C8 /* Style */ = {
			isa = PBXGroup;
			children = (
				C0E54D2E2A4B8724003D00C8 /* WeatherColorSet.swift */,
				C0E54D362A4B8D52003D00C8 /* WeatherColorSet+SkyType.swift */,
				C0E54D302A4B8742003D00C8 /* WeatherColor.swift */,
				C0E54D452A4CC29A003D00C8 /* WeatherIcon.swift */,
				C0E54D382A4C5445003D00C8 /* SkyType.swift */,
				C0EC33A32A4DF9D500EAC0D6 /* StyledContainer.swift */,
			);
			path = Style;
			sourceTree = "<group>";
		};
		C0E6CA302A55A0B500D6695B /* Storage */ = {
			isa = PBXGroup;
			children = (
				C0E6CA332A55A0E700D6695B /* GeoModel.swift */,
				C0E6CA3B2A56DCAB00D6695B /* GeoListModel.swift */,
				C0E6CA352A55A22500D6695B /* DataManager.swift */,
			);
			path = Storage;
			sourceTree = "<group>";
		};
		DE709730352D66B5F51FACE3 /* Pods */ = {
			isa = PBXGroup;
			children = (
				9B82575E5454D329C2ED10A8 /* Pods-OpenMeteo.debug.xcconfig */,
				5DFDD54B38659B70F701CCFB /* Pods-OpenMeteo.release.xcconfig */,
			);
			path = Pods;
			sourceTree = "<group>";
		};
/* End PBXGroup section */

/* Begin PBXNativeTarget section */
		C04E2C052A473EAA00A5B1E8 /* OpenMeteo */ = {
			isa = PBXNativeTarget;
			buildConfigurationList = C04E2C332A473EAB00A5B1E8 /* Build configuration list for PBXNativeTarget "OpenMeteo" */;
			buildPhases = (
				F0B081EA76565CCE8D07CFE6 /* [CP] Check Pods Manifest.lock */,
				C04E2C022A473EAA00A5B1E8 /* Sources */,
				C04E2C032A473EAA00A5B1E8 /* Frameworks */,
				C04E2C042A473EAA00A5B1E8 /* Resources */,
				D156DD395F6CA711E0C93D77 /* [CP] Embed Pods Frameworks */,
			);
			buildRules = (
			);
			dependencies = (
			);
			name = OpenMeteo;
			productName = OpenMeteo;
			productReference = C04E2C062A473EAA00A5B1E8 /* OpenMeteo.app */;
			productType = "com.apple.product-type.application";
		};
		C04E2C1E2A473EAB00A5B1E8 /* OpenMeteoTests */ = {
			isa = PBXNativeTarget;
			buildConfigurationList = C04E2C362A473EAB00A5B1E8 /* Build configuration list for PBXNativeTarget "OpenMeteoTests" */;
			buildPhases = (
				C04E2C1B2A473EAB00A5B1E8 /* Sources */,
				C04E2C1C2A473EAB00A5B1E8 /* Frameworks */,
				C04E2C1D2A473EAB00A5B1E8 /* Resources */,
			);
			buildRules = (
			);
			dependencies = (
				C04E2C212A473EAB00A5B1E8 /* PBXTargetDependency */,
			);
			name = OpenMeteoTests;
			productName = OpenMeteoTests;
			productReference = C04E2C1F2A473EAB00A5B1E8 /* OpenMeteoTests.xctest */;
			productType = "com.apple.product-type.bundle.unit-test";
		};
		C04E2C282A473EAB00A5B1E8 /* OpenMeteoUITests */ = {
			isa = PBXNativeTarget;
			buildConfigurationList = C04E2C392A473EAB00A5B1E8 /* Build configuration list for PBXNativeTarget "OpenMeteoUITests" */;
			buildPhases = (
				C04E2C252A473EAB00A5B1E8 /* Sources */,
				C04E2C262A473EAB00A5B1E8 /* Frameworks */,
				C04E2C272A473EAB00A5B1E8 /* Resources */,
			);
			buildRules = (
			);
			dependencies = (
				C04E2C2B2A473EAB00A5B1E8 /* PBXTargetDependency */,
			);
			name = OpenMeteoUITests;
			productName = OpenMeteoUITests;
			productReference = C04E2C292A473EAB00A5B1E8 /* OpenMeteoUITests.xctest */;
			productType = "com.apple.product-type.bundle.ui-testing";
		};
/* End PBXNativeTarget section */

/* Begin PBXProject section */
		C04E2BFE2A473EAA00A5B1E8 /* Project object */ = {
			isa = PBXProject;
			attributes = {
				BuildIndependentTargetsInParallel = 1;
				LastSwiftUpdateCheck = 1430;
				LastUpgradeCheck = 1430;
				TargetAttributes = {
					C04E2C052A473EAA00A5B1E8 = {
						CreatedOnToolsVersion = 14.3.1;
					};
					C04E2C1E2A473EAB00A5B1E8 = {
						CreatedOnToolsVersion = 14.3.1;
						TestTargetID = C04E2C052A473EAA00A5B1E8;
					};
					C04E2C282A473EAB00A5B1E8 = {
						CreatedOnToolsVersion = 14.3.1;
						TestTargetID = C04E2C052A473EAA00A5B1E8;
					};
				};
			};
			buildConfigurationList = C04E2C012A473EAA00A5B1E8 /* Build configuration list for PBXProject "OpenMeteo" */;
			compatibilityVersion = "Xcode 14.0";
			developmentRegion = en;
			hasScannedForEncodings = 0;
			knownRegions = (
				en,
				Base,
				ru,
			);
			mainGroup = C04E2BFD2A473EAA00A5B1E8;
			productRefGroup = C04E2C072A473EAA00A5B1E8 /* Products */;
			projectDirPath = "";
			projectRoot = "";
			targets = (
				C04E2C052A473EAA00A5B1E8 /* OpenMeteo */,
				C04E2C1E2A473EAB00A5B1E8 /* OpenMeteoTests */,
				C04E2C282A473EAB00A5B1E8 /* OpenMeteoUITests */,
			);
		};
/* End PBXProject section */

/* Begin PBXResourcesBuildPhase section */
		C04E2C042A473EAA00A5B1E8 /* Resources */ = {
			isa = PBXResourcesBuildPhase;
			buildActionMask = 2147483647;
			files = (
				C0E54D282A4B4B3F003D00C8 /* Colors.xcassets in Resources */,
				C0E54D3D2A4C587B003D00C8 /* Localizable.strings in Resources */,
				C04E2C192A473EAA00A5B1E8 /* LaunchScreen.storyboard in Resources */,
				C04E2C162A473EAA00A5B1E8 /* Assets.xcassets in Resources */,
			);
			runOnlyForDeploymentPostprocessing = 0;
		};
		C04E2C1D2A473EAB00A5B1E8 /* Resources */ = {
			isa = PBXResourcesBuildPhase;
			buildActionMask = 2147483647;
			files = (
			);
			runOnlyForDeploymentPostprocessing = 0;
		};
		C04E2C272A473EAB00A5B1E8 /* Resources */ = {
			isa = PBXResourcesBuildPhase;
			buildActionMask = 2147483647;
			files = (
			);
			runOnlyForDeploymentPostprocessing = 0;
		};
/* End PBXResourcesBuildPhase section */

/* Begin PBXShellScriptBuildPhase section */
		D156DD395F6CA711E0C93D77 /* [CP] Embed Pods Frameworks */ = {
			isa = PBXShellScriptBuildPhase;
			buildActionMask = 2147483647;
			files = (
			);
			inputFileListPaths = (
				"${PODS_ROOT}/Target Support Files/Pods-OpenMeteo/Pods-OpenMeteo-frameworks-${CONFIGURATION}-input-files.xcfilelist",
			);
			name = "[CP] Embed Pods Frameworks";
			outputFileListPaths = (
				"${PODS_ROOT}/Target Support Files/Pods-OpenMeteo/Pods-OpenMeteo-frameworks-${CONFIGURATION}-output-files.xcfilelist",
			);
			runOnlyForDeploymentPostprocessing = 0;
			shellPath = /bin/sh;
			shellScript = "\"${PODS_ROOT}/Target Support Files/Pods-OpenMeteo/Pods-OpenMeteo-frameworks.sh\"\n";
			showEnvVarsInLog = 0;
		};
		F0B081EA76565CCE8D07CFE6 /* [CP] Check Pods Manifest.lock */ = {
			isa = PBXShellScriptBuildPhase;
			buildActionMask = 2147483647;
			files = (
			);
			inputFileListPaths = (
			);
			inputPaths = (
				"${PODS_PODFILE_DIR_PATH}/Podfile.lock",
				"${PODS_ROOT}/Manifest.lock",
			);
			name = "[CP] Check Pods Manifest.lock";
			outputFileListPaths = (
			);
			outputPaths = (
				"$(DERIVED_FILE_DIR)/Pods-OpenMeteo-checkManifestLockResult.txt",
			);
			runOnlyForDeploymentPostprocessing = 0;
			shellPath = /bin/sh;
			shellScript = "diff \"${PODS_PODFILE_DIR_PATH}/Podfile.lock\" \"${PODS_ROOT}/Manifest.lock\" > /dev/null\nif [ $? != 0 ] ; then\n    # print error to STDERR\n    echo \"error: The sandbox is not in sync with the Podfile.lock. Run 'pod install' or update your CocoaPods installation.\" >&2\n    exit 1\nfi\n# This output is used by Xcode 'outputs' to avoid re-running this script phase.\necho \"SUCCESS\" > \"${SCRIPT_OUTPUT_FILE_0}\"\n";
			showEnvVarsInLog = 0;
		};
/* End PBXShellScriptBuildPhase section */

/* Begin PBXSourcesBuildPhase section */
		C04E2C022A473EAA00A5B1E8 /* Sources */ = {
			isa = PBXSourcesBuildPhase;
			buildActionMask = 2147483647;
			files = (
				C01D28C92A53738E00412BCD /* NetworkManager.swift in Sources */,
				C0EC33A42A4DF9D500EAC0D6 /* StyledContainer.swift in Sources */,
				C04E2C6C2A47773B00A5B1E8 /* GeocodingJSON.swift in Sources */,
				C066C6BA2A4F6FE6004FDDE8 /* GeoWeatherDetailTransitionAnimator.swift in Sources */,
				C093EF3F2A5836C00076C4C3 /* UINavigationBarAppearance.swift in Sources */,
				C066C6E22A523381004FDDE8 /* GeoSearchViewModel.swift in Sources */,
				C066C6CA2A50E01E004FDDE8 /* WindContainer.swift in Sources */,
				C0E54D1E2A49EB84003D00C8 /* DailyForecastContainer.swift in Sources */,
				C0E54D392A4C5445003D00C8 /* SkyType.swift in Sources */,
				C04E2C572A473FD600A5B1E8 /* GeoWeatherListViewController.swift in Sources */,
				C08D19652A48AC8300834A21 /* GeoWeatherListViewController+DataSource.swift in Sources */,
				C04E2C562A473FD600A5B1E8 /* GeoWeatherListModuleAssembly.swift in Sources */,
				C0E54D262A4B39B8003D00C8 /* UIVisualEffectView.swift in Sources */,
				C066C6D02A50F36A004FDDE8 /* PrecipitationSumContainer.swift in Sources */,
				C04E2C0A2A473EAA00A5B1E8 /* AppDelegate.swift in Sources */,
				C0E54D202A4A292C003D00C8 /* HourForecastCell.swift in Sources */,
				C08D196D2A48BAF300834A21 /* GeoWeatherDetailView.swift in Sources */,
				C066C6C32A50961D004FDDE8 /* BlurredButtonContaner.swift in Sources */,
				C0E6CA3A2A56D6EF00D6695B /* LocationManager.swift in Sources */,
				C0E6CA362A55A22500D6695B /* DataManager.swift in Sources */,
				C066C6DF2A523381004FDDE8 /* GeoSearchModuleAssembly.swift in Sources */,
				C08D19732A48F05B00834A21 /* TemperatureLabel.swift in Sources */,
				C0E6CA3C2A56DCAB00D6695B /* GeoListModel.swift in Sources */,
				C01D28CB2A5430B700412BCD /* URL.swift in Sources */,
				C0E54D172A49A5DE003D00C8 /* DayForecastRow.swift in Sources */,
				C08D196E2A48BAF300834A21 /* GeoWeatherDetailViewModel.swift in Sources */,
				C02DE7042A65678300D38A31 /* Array+Identifiable.swift in Sources */,
				C066C6E02A523381004FDDE8 /* GeoSearchViewController.swift in Sources */,
				C066C6E42A523CD8004FDDE8 /* GeocodingCell.swift in Sources */,
				C066C6BC2A4F738A004FDDE8 /* CAShapeLayer.swift in Sources */,
				C0E6CA342A55A0E700D6695B /* GeoModel.swift in Sources */,
				C0E54D462A4CC29A003D00C8 /* WeatherIcon.swift in Sources */,
				C0E54D242A4B0F06003D00C8 /* DatedForecast.swift in Sources */,
				C0E6CA382A55FEAA00D6695B /* CALayer.swift in Sources */,
				C0E54D442A4CC270003D00C8 /* WeatherIconView.swift in Sources */,
				C04E2C642A475E0F00A5B1E8 /* Weather.swift in Sources */,
				C0E54D222A4A2954003D00C8 /* HourlyForecastCollectionView.swift in Sources */,
				C0E54D2A2A4B868B003D00C8 /* WeatherCode.swift in Sources */,
				C093EF3D2A5835180076C4C3 /* SearchBarDelegate.swift in Sources */,
				C04E2C682A476D0200A5B1E8 /* Geocoding.swift in Sources */,
				C0E6CA402A570F8000D6695B /* GeoWeatherDetailNetworkErrorView.swift in Sources */,
				C04E2C592A473FD600A5B1E8 /* GeoWeatherListViewModel.swift in Sources */,
				C066C6CE2A50F145004FDDE8 /* RelativeHumidityContainer.swift in Sources */,
				C04E2C662A475E1A00A5B1E8 /* HourForecast.swift in Sources */,
				C066C6C52A50CD45004FDDE8 /* ContainerView.swift in Sources */,
				C093EF412A58392E0076C4C3 /* DayPhase.swift in Sources */,
				C01D28CD2A5434C600412BCD /* FetchError.swift in Sources */,
				C0E54D4A2A4CECEA003D00C8 /* TemperatureRangeContainer.swift in Sources */,
				C066C6CC2A50E04A004FDDE8 /* ApparentTemperatureContainer.swift in Sources */,
				C0E54D352A4B8792003D00C8 /* GradientView+WeatherColorSet.swift in Sources */,
				C08D196C2A48BAF300834A21 /* GeoWeatherDetailController.swift in Sources */,
				C066C6C72A50CD90004FDDE8 /* Wind.swift in Sources */,
				C0E54D332A4B8768003D00C8 /* GradientView.swift in Sources */,
				C066C6B82A4F66D3004FDDE8 /* CALayerAnimationDelegate.swift in Sources */,
				C08D196B2A48BAF300834A21 /* GeoWeatherDetailModuleAssembly.swift in Sources */,
				C04E2C602A47425600A5B1E8 /* WeatherJSON.swift in Sources */,
				C0ECBB082A4E47160086EFB6 /* PrecipitationProbabilityLabel.swift in Sources */,
				C0E54D192A49D993003D00C8 /* DayForecast.swift in Sources */,
				C0E54D4C2A4DD497003D00C8 /* UILabel+NSShadow.swift in Sources */,
				C0E6CA422A571CFB00D6695B /* GeoSearchViewController+DataSource.swift in Sources */,
				C01D28C62A5330C900412BCD /* OpenMeteoNavigationController.swift in Sources */,
				C0E54D2F2A4B8724003D00C8 /* WeatherColorSet.swift in Sources */,
				C04E2C6A2A476FB800A5B1E8 /* GeoWeather.swift in Sources */,
				C0E54D482A4CECBA003D00C8 /* TemperatureLabelSymboled.swift in Sources */,
				C0E54D372A4B8D52003D00C8 /* WeatherColorSet+SkyType.swift in Sources */,
				C0E54D1C2A49EB47003D00C8 /* Date.swift in Sources */,
				C08D19632A48AC1000834A21 /* GeoWeatherCell.swift in Sources */,
				C0E54D312A4B8742003D00C8 /* WeatherColor.swift in Sources */,
				C04E2C0C2A473EAA00A5B1E8 /* SceneDelegate.swift in Sources */,
			);
			runOnlyForDeploymentPostprocessing = 0;
		};
		C04E2C1B2A473EAB00A5B1E8 /* Sources */ = {
			isa = PBXSourcesBuildPhase;
			buildActionMask = 2147483647;
			files = (
				C04E2C6E2A477B0B00A5B1E8 /* GeocodingJSONTests.swift in Sources */,
				C04E2C242A473EAB00A5B1E8 /* WeatherJSONTests.swift in Sources */,
				C04E2C622A474EDD00A5B1E8 /* TestData.swift in Sources */,
			);
			runOnlyForDeploymentPostprocessing = 0;
		};
		C04E2C252A473EAB00A5B1E8 /* Sources */ = {
			isa = PBXSourcesBuildPhase;
			buildActionMask = 2147483647;
			files = (
				C04E2C2E2A473EAB00A5B1E8 /* OpenMeteoUITests.swift in Sources */,
				C04E2C302A473EAB00A5B1E8 /* OpenMeteoUITestsLaunchTests.swift in Sources */,
			);
			runOnlyForDeploymentPostprocessing = 0;
		};
/* End PBXSourcesBuildPhase section */

/* Begin PBXTargetDependency section */
		C04E2C212A473EAB00A5B1E8 /* PBXTargetDependency */ = {
			isa = PBXTargetDependency;
			target = C04E2C052A473EAA00A5B1E8 /* OpenMeteo */;
			targetProxy = C04E2C202A473EAB00A5B1E8 /* PBXContainerItemProxy */;
		};
		C04E2C2B2A473EAB00A5B1E8 /* PBXTargetDependency */ = {
			isa = PBXTargetDependency;
			target = C04E2C052A473EAA00A5B1E8 /* OpenMeteo */;
			targetProxy = C04E2C2A2A473EAB00A5B1E8 /* PBXContainerItemProxy */;
		};
/* End PBXTargetDependency section */

/* Begin PBXVariantGroup section */
		C04E2C172A473EAA00A5B1E8 /* LaunchScreen.storyboard */ = {
			isa = PBXVariantGroup;
			children = (
				C04E2C182A473EAA00A5B1E8 /* Base */,
				C0E54D3A2A4C57F4003D00C8 /* ru */,
			);
			name = LaunchScreen.storyboard;
			sourceTree = "<group>";
		};
		C0E54D3F2A4C587B003D00C8 /* Localizable.strings */ = {
			isa = PBXVariantGroup;
			children = (
				C0E54D3E2A4C587B003D00C8 /* en */,
				C0E54D402A4C588D003D00C8 /* ru */,
			);
			name = Localizable.strings;
			sourceTree = "<group>";
		};
/* End PBXVariantGroup section */

/* Begin XCBuildConfiguration section */
		C04E2C312A473EAB00A5B1E8 /* Debug */ = {
			isa = XCBuildConfiguration;
			buildSettings = {
				ALWAYS_SEARCH_USER_PATHS = NO;
				CLANG_ANALYZER_LOCALIZABILITY_NONLOCALIZED = YES;
				CLANG_ANALYZER_NONNULL = YES;
				CLANG_ANALYZER_NUMBER_OBJECT_CONVERSION = YES_AGGRESSIVE;
				CLANG_CXX_LANGUAGE_STANDARD = "gnu++20";
				CLANG_ENABLE_MODULES = YES;
				CLANG_ENABLE_OBJC_ARC = YES;
				CLANG_ENABLE_OBJC_WEAK = YES;
				CLANG_WARN_BLOCK_CAPTURE_AUTORELEASING = YES;
				CLANG_WARN_BOOL_CONVERSION = YES;
				CLANG_WARN_COMMA = YES;
				CLANG_WARN_CONSTANT_CONVERSION = YES;
				CLANG_WARN_DEPRECATED_OBJC_IMPLEMENTATIONS = YES;
				CLANG_WARN_DIRECT_OBJC_ISA_USAGE = YES_ERROR;
				CLANG_WARN_DOCUMENTATION_COMMENTS = YES;
				CLANG_WARN_EMPTY_BODY = YES;
				CLANG_WARN_ENUM_CONVERSION = YES;
				CLANG_WARN_INFINITE_RECURSION = YES;
				CLANG_WARN_INT_CONVERSION = YES;
				CLANG_WARN_NON_LITERAL_NULL_CONVERSION = YES;
				CLANG_WARN_OBJC_IMPLICIT_RETAIN_SELF = YES;
				CLANG_WARN_OBJC_LITERAL_CONVERSION = YES;
				CLANG_WARN_OBJC_ROOT_CLASS = YES_ERROR;
				CLANG_WARN_QUOTED_INCLUDE_IN_FRAMEWORK_HEADER = YES;
				CLANG_WARN_RANGE_LOOP_ANALYSIS = YES;
				CLANG_WARN_STRICT_PROTOTYPES = YES;
				CLANG_WARN_SUSPICIOUS_MOVE = YES;
				CLANG_WARN_UNGUARDED_AVAILABILITY = YES_AGGRESSIVE;
				CLANG_WARN_UNREACHABLE_CODE = YES;
				CLANG_WARN__DUPLICATE_METHOD_MATCH = YES;
				COPY_PHASE_STRIP = NO;
				DEBUG_INFORMATION_FORMAT = dwarf;
				ENABLE_STRICT_OBJC_MSGSEND = YES;
				ENABLE_TESTABILITY = YES;
				GCC_C_LANGUAGE_STANDARD = gnu11;
				GCC_DYNAMIC_NO_PIC = NO;
				GCC_NO_COMMON_BLOCKS = YES;
				GCC_OPTIMIZATION_LEVEL = 0;
				GCC_PREPROCESSOR_DEFINITIONS = (
					"DEBUG=1",
					"$(inherited)",
				);
				GCC_WARN_64_TO_32_BIT_CONVERSION = YES;
				GCC_WARN_ABOUT_RETURN_TYPE = YES_ERROR;
				GCC_WARN_UNDECLARED_SELECTOR = YES;
				GCC_WARN_UNINITIALIZED_AUTOS = YES_AGGRESSIVE;
				GCC_WARN_UNUSED_FUNCTION = YES;
				GCC_WARN_UNUSED_VARIABLE = YES;
				IPHONEOS_DEPLOYMENT_TARGET = 13.0;
				MTL_ENABLE_DEBUG_INFO = INCLUDE_SOURCE;
				MTL_FAST_MATH = YES;
				ONLY_ACTIVE_ARCH = YES;
				SDKROOT = iphoneos;
				SWIFT_ACTIVE_COMPILATION_CONDITIONS = DEBUG;
				SWIFT_OPTIMIZATION_LEVEL = "-Onone";
			};
			name = Debug;
		};
		C04E2C322A473EAB00A5B1E8 /* Release */ = {
			isa = XCBuildConfiguration;
			buildSettings = {
				ALWAYS_SEARCH_USER_PATHS = NO;
				CLANG_ANALYZER_LOCALIZABILITY_NONLOCALIZED = YES;
				CLANG_ANALYZER_NONNULL = YES;
				CLANG_ANALYZER_NUMBER_OBJECT_CONVERSION = YES_AGGRESSIVE;
				CLANG_CXX_LANGUAGE_STANDARD = "gnu++20";
				CLANG_ENABLE_MODULES = YES;
				CLANG_ENABLE_OBJC_ARC = YES;
				CLANG_ENABLE_OBJC_WEAK = YES;
				CLANG_WARN_BLOCK_CAPTURE_AUTORELEASING = YES;
				CLANG_WARN_BOOL_CONVERSION = YES;
				CLANG_WARN_COMMA = YES;
				CLANG_WARN_CONSTANT_CONVERSION = YES;
				CLANG_WARN_DEPRECATED_OBJC_IMPLEMENTATIONS = YES;
				CLANG_WARN_DIRECT_OBJC_ISA_USAGE = YES_ERROR;
				CLANG_WARN_DOCUMENTATION_COMMENTS = YES;
				CLANG_WARN_EMPTY_BODY = YES;
				CLANG_WARN_ENUM_CONVERSION = YES;
				CLANG_WARN_INFINITE_RECURSION = YES;
				CLANG_WARN_INT_CONVERSION = YES;
				CLANG_WARN_NON_LITERAL_NULL_CONVERSION = YES;
				CLANG_WARN_OBJC_IMPLICIT_RETAIN_SELF = YES;
				CLANG_WARN_OBJC_LITERAL_CONVERSION = YES;
				CLANG_WARN_OBJC_ROOT_CLASS = YES_ERROR;
				CLANG_WARN_QUOTED_INCLUDE_IN_FRAMEWORK_HEADER = YES;
				CLANG_WARN_RANGE_LOOP_ANALYSIS = YES;
				CLANG_WARN_STRICT_PROTOTYPES = YES;
				CLANG_WARN_SUSPICIOUS_MOVE = YES;
				CLANG_WARN_UNGUARDED_AVAILABILITY = YES_AGGRESSIVE;
				CLANG_WARN_UNREACHABLE_CODE = YES;
				CLANG_WARN__DUPLICATE_METHOD_MATCH = YES;
				COPY_PHASE_STRIP = NO;
				DEBUG_INFORMATION_FORMAT = "dwarf-with-dsym";
				ENABLE_NS_ASSERTIONS = NO;
				ENABLE_STRICT_OBJC_MSGSEND = YES;
				GCC_C_LANGUAGE_STANDARD = gnu11;
				GCC_NO_COMMON_BLOCKS = YES;
				GCC_WARN_64_TO_32_BIT_CONVERSION = YES;
				GCC_WARN_ABOUT_RETURN_TYPE = YES_ERROR;
				GCC_WARN_UNDECLARED_SELECTOR = YES;
				GCC_WARN_UNINITIALIZED_AUTOS = YES_AGGRESSIVE;
				GCC_WARN_UNUSED_FUNCTION = YES;
				GCC_WARN_UNUSED_VARIABLE = YES;
				IPHONEOS_DEPLOYMENT_TARGET = 13.0;
				MTL_ENABLE_DEBUG_INFO = NO;
				MTL_FAST_MATH = YES;
				SDKROOT = iphoneos;
				SWIFT_COMPILATION_MODE = wholemodule;
				SWIFT_OPTIMIZATION_LEVEL = "-O";
				VALIDATE_PRODUCT = YES;
			};
			name = Release;
		};
		C04E2C342A473EAB00A5B1E8 /* Debug */ = {
			isa = XCBuildConfiguration;
			baseConfigurationReference = 9B82575E5454D329C2ED10A8 /* Pods-OpenMeteo.debug.xcconfig */;
			buildSettings = {
				ASSETCATALOG_COMPILER_APPICON_NAME = AppIcon;
				ASSETCATALOG_COMPILER_GLOBAL_ACCENT_COLOR_NAME = AccentColor;
				CODE_SIGN_STYLE = Automatic;
				CURRENT_PROJECT_VERSION = 1;
				DEVELOPMENT_TEAM = 586JQB45F3;
				GENERATE_INFOPLIST_FILE = YES;
				INFOPLIST_FILE = OpenMeteo/Info.plist;
				INFOPLIST_KEY_LSApplicationCategoryType = "public.app-category.weather";
				INFOPLIST_KEY_NSLocationWhenInUseUsageDescription = "";
				INFOPLIST_KEY_UIApplicationSupportsIndirectInputEvents = YES;
				INFOPLIST_KEY_UILaunchStoryboardName = LaunchScreen;
				INFOPLIST_KEY_UIMainStoryboardFile = "";
				INFOPLIST_KEY_UIRequiresFullScreen = NO;
				INFOPLIST_KEY_UISupportedInterfaceOrientations = UIInterfaceOrientationPortrait;
				INFOPLIST_KEY_UISupportedInterfaceOrientations_iPad = "UIInterfaceOrientationPortrait UIInterfaceOrientationPortraitUpsideDown";
				IPHONEOS_DEPLOYMENT_TARGET = 13.0;
				LD_RUNPATH_SEARCH_PATHS = (
					"$(inherited)",
					"@executable_path/Frameworks",
				);
				MARKETING_VERSION = 1.0;
				PRODUCT_BUNDLE_IDENTIFIER = ru.ighiba.OpenMeteo;
				PRODUCT_NAME = "$(TARGET_NAME)";
				SWIFT_EMIT_LOC_STRINGS = YES;
				SWIFT_VERSION = 5.0;
				TARGETED_DEVICE_FAMILY = "1,2";
			};
			name = Debug;
		};
		C04E2C352A473EAB00A5B1E8 /* Release */ = {
			isa = XCBuildConfiguration;
			baseConfigurationReference = 5DFDD54B38659B70F701CCFB /* Pods-OpenMeteo.release.xcconfig */;
			buildSettings = {
				ASSETCATALOG_COMPILER_APPICON_NAME = AppIcon;
				ASSETCATALOG_COMPILER_GLOBAL_ACCENT_COLOR_NAME = AccentColor;
				CODE_SIGN_STYLE = Automatic;
				CURRENT_PROJECT_VERSION = 1;
				DEVELOPMENT_TEAM = 586JQB45F3;
				GENERATE_INFOPLIST_FILE = YES;
				INFOPLIST_FILE = OpenMeteo/Info.plist;
				INFOPLIST_KEY_LSApplicationCategoryType = "public.app-category.weather";
				INFOPLIST_KEY_NSLocationWhenInUseUsageDescription = "";
				INFOPLIST_KEY_UIApplicationSupportsIndirectInputEvents = YES;
				INFOPLIST_KEY_UILaunchStoryboardName = LaunchScreen;
				INFOPLIST_KEY_UIMainStoryboardFile = "";
				INFOPLIST_KEY_UIRequiresFullScreen = NO;
				INFOPLIST_KEY_UISupportedInterfaceOrientations = UIInterfaceOrientationPortrait;
				INFOPLIST_KEY_UISupportedInterfaceOrientations_iPad = "UIInterfaceOrientationPortrait UIInterfaceOrientationPortraitUpsideDown";
				IPHONEOS_DEPLOYMENT_TARGET = 13.0;
				LD_RUNPATH_SEARCH_PATHS = (
					"$(inherited)",
					"@executable_path/Frameworks",
				);
				MARKETING_VERSION = 1.0;
				PRODUCT_BUNDLE_IDENTIFIER = ru.ighiba.OpenMeteo;
				PRODUCT_NAME = "$(TARGET_NAME)";
				SWIFT_EMIT_LOC_STRINGS = YES;
				SWIFT_VERSION = 5.0;
				TARGETED_DEVICE_FAMILY = "1,2";
			};
			name = Release;
		};
		C04E2C372A473EAB00A5B1E8 /* Debug */ = {
			isa = XCBuildConfiguration;
			buildSettings = {
				ALWAYS_EMBED_SWIFT_STANDARD_LIBRARIES = YES;
				BUNDLE_LOADER = "$(TEST_HOST)";
				CODE_SIGN_STYLE = Automatic;
				CURRENT_PROJECT_VERSION = 1;
				DEVELOPMENT_TEAM = 586JQB45F3;
				GENERATE_INFOPLIST_FILE = YES;
				IPHONEOS_DEPLOYMENT_TARGET = 16.4;
				MARKETING_VERSION = 1.0;
				PRODUCT_BUNDLE_IDENTIFIER = ru.ighiba.OpenMeteoTests;
				PRODUCT_NAME = "$(TARGET_NAME)";
				SWIFT_EMIT_LOC_STRINGS = NO;
				SWIFT_VERSION = 5.0;
				TARGETED_DEVICE_FAMILY = "1,2";
				TEST_HOST = "$(BUILT_PRODUCTS_DIR)/OpenMeteo.app/$(BUNDLE_EXECUTABLE_FOLDER_PATH)/OpenMeteo";
			};
			name = Debug;
		};
		C04E2C382A473EAB00A5B1E8 /* Release */ = {
			isa = XCBuildConfiguration;
			buildSettings = {
				ALWAYS_EMBED_SWIFT_STANDARD_LIBRARIES = YES;
				BUNDLE_LOADER = "$(TEST_HOST)";
				CODE_SIGN_STYLE = Automatic;
				CURRENT_PROJECT_VERSION = 1;
				DEVELOPMENT_TEAM = 586JQB45F3;
				GENERATE_INFOPLIST_FILE = YES;
				IPHONEOS_DEPLOYMENT_TARGET = 16.4;
				MARKETING_VERSION = 1.0;
				PRODUCT_BUNDLE_IDENTIFIER = ru.ighiba.OpenMeteoTests;
				PRODUCT_NAME = "$(TARGET_NAME)";
				SWIFT_EMIT_LOC_STRINGS = NO;
				SWIFT_VERSION = 5.0;
				TARGETED_DEVICE_FAMILY = "1,2";
				TEST_HOST = "$(BUILT_PRODUCTS_DIR)/OpenMeteo.app/$(BUNDLE_EXECUTABLE_FOLDER_PATH)/OpenMeteo";
			};
			name = Release;
		};
		C04E2C3A2A473EAB00A5B1E8 /* Debug */ = {
			isa = XCBuildConfiguration;
			buildSettings = {
				ALWAYS_EMBED_SWIFT_STANDARD_LIBRARIES = YES;
				CODE_SIGN_STYLE = Automatic;
				CURRENT_PROJECT_VERSION = 1;
				DEVELOPMENT_TEAM = 586JQB45F3;
				GENERATE_INFOPLIST_FILE = YES;
				MARKETING_VERSION = 1.0;
				PRODUCT_BUNDLE_IDENTIFIER = ru.ighiba.OpenMeteoUITests;
				PRODUCT_NAME = "$(TARGET_NAME)";
				SWIFT_EMIT_LOC_STRINGS = NO;
				SWIFT_VERSION = 5.0;
				TARGETED_DEVICE_FAMILY = "1,2";
				TEST_TARGET_NAME = OpenMeteo;
			};
			name = Debug;
		};
		C04E2C3B2A473EAB00A5B1E8 /* Release */ = {
			isa = XCBuildConfiguration;
			buildSettings = {
				ALWAYS_EMBED_SWIFT_STANDARD_LIBRARIES = YES;
				CODE_SIGN_STYLE = Automatic;
				CURRENT_PROJECT_VERSION = 1;
				DEVELOPMENT_TEAM = 586JQB45F3;
				GENERATE_INFOPLIST_FILE = YES;
				MARKETING_VERSION = 1.0;
				PRODUCT_BUNDLE_IDENTIFIER = ru.ighiba.OpenMeteoUITests;
				PRODUCT_NAME = "$(TARGET_NAME)";
				SWIFT_EMIT_LOC_STRINGS = NO;
				SWIFT_VERSION = 5.0;
				TARGETED_DEVICE_FAMILY = "1,2";
				TEST_TARGET_NAME = OpenMeteo;
			};
			name = Release;
		};
/* End XCBuildConfiguration section */

/* Begin XCConfigurationList section */
		C04E2C012A473EAA00A5B1E8 /* Build configuration list for PBXProject "OpenMeteo" */ = {
			isa = XCConfigurationList;
			buildConfigurations = (
				C04E2C312A473EAB00A5B1E8 /* Debug */,
				C04E2C322A473EAB00A5B1E8 /* Release */,
			);
			defaultConfigurationIsVisible = 0;
			defaultConfigurationName = Release;
		};
		C04E2C332A473EAB00A5B1E8 /* Build configuration list for PBXNativeTarget "OpenMeteo" */ = {
			isa = XCConfigurationList;
			buildConfigurations = (
				C04E2C342A473EAB00A5B1E8 /* Debug */,
				C04E2C352A473EAB00A5B1E8 /* Release */,
			);
			defaultConfigurationIsVisible = 0;
			defaultConfigurationName = Release;
		};
		C04E2C362A473EAB00A5B1E8 /* Build configuration list for PBXNativeTarget "OpenMeteoTests" */ = {
			isa = XCConfigurationList;
			buildConfigurations = (
				C04E2C372A473EAB00A5B1E8 /* Debug */,
				C04E2C382A473EAB00A5B1E8 /* Release */,
			);
			defaultConfigurationIsVisible = 0;
			defaultConfigurationName = Release;
		};
		C04E2C392A473EAB00A5B1E8 /* Build configuration list for PBXNativeTarget "OpenMeteoUITests" */ = {
			isa = XCConfigurationList;
			buildConfigurations = (
				C04E2C3A2A473EAB00A5B1E8 /* Debug */,
				C04E2C3B2A473EAB00A5B1E8 /* Release */,
			);
			defaultConfigurationIsVisible = 0;
			defaultConfigurationName = Release;
		};
/* End XCConfigurationList section */
	};
	rootObject = C04E2BFE2A473EAA00A5B1E8 /* Project object */;
}
